// !$*UTF8*$!
{
	archiveVersion = 1;
	classes = {
	};
	objectVersion = 70;
	objects = {

/* Begin PBXBuildFile section */
		D9042A312D4EFA400093C838 /* CombineCocoa in Frameworks */ = {isa = PBXBuildFile; productRef = D9042A302D4EFA400093C838 /* CombineCocoa */; };
		D9042A332D4EFA480093C838 /* CombineCocoa in Frameworks */ = {isa = PBXBuildFile; productRef = D9042A322D4EFA480093C838 /* CombineCocoa */; };
		D9052DD72D5F9FE4006B7FEE /* ComposableArchitecture in Frameworks */ = {isa = PBXBuildFile; productRef = D9052DD62D5F9FE4006B7FEE /* ComposableArchitecture */; };
		D9185F1C2D466C2300936684 /* BaseViewController.swift in Sources */ = {isa = PBXBuildFile; fileRef = D9185F1B2D466C2300936684 /* BaseViewController.swift */; };
		D9185F1D2D466C2300936684 /* BaseViewController.swift in Sources */ = {isa = PBXBuildFile; fileRef = D9185F1B2D466C2300936684 /* BaseViewController.swift */; };
		D91865C72D4EC2C500936684 /* FeatureAction.swift in Sources */ = {isa = PBXBuildFile; fileRef = D91865C62D4EC2C500936684 /* FeatureAction.swift */; };
		D91865C82D4EC2C500936684 /* FeatureAction.swift in Sources */ = {isa = PBXBuildFile; fileRef = D91865C62D4EC2C500936684 /* FeatureAction.swift */; };
		D92F49902C7A02BF00CD7D2A /* CounselingCharacter.swift in Sources */ = {isa = PBXBuildFile; fileRef = D92F498F2C7A02BF00CD7D2A /* CounselingCharacter.swift */; };
		D935483D2C725BDA00E5EBF9 /* Animation.swift in Sources */ = {isa = PBXBuildFile; fileRef = D935483C2C725BDA00E5EBF9 /* Animation.swift */; };
		D93569BE2DB0C05200C23237 /* ImageAssets.swift in Sources */ = {isa = PBXBuildFile; fileRef = D93569BD2DB0C05200C23237 /* ImageAssets.swift */; };
		D93569BF2DB0C05200C23237 /* ImageAssets.swift in Sources */ = {isa = PBXBuildFile; fileRef = D93569BD2DB0C05200C23237 /* ImageAssets.swift */; };
		D93569C72DB0D12200C23237 /* sparkles_dark.json in Resources */ = {isa = PBXBuildFile; fileRef = D93569C62DB0D12200C23237 /* sparkles_dark.json */; };
		D93569C82DB0D12200C23237 /* sparkles_dark.json in Resources */ = {isa = PBXBuildFile; fileRef = D93569C62DB0D12200C23237 /* sparkles_dark.json */; };
		D93569CA2DB0D22500C23237 /* sparkles_light.json in Resources */ = {isa = PBXBuildFile; fileRef = D93569C92DB0D22500C23237 /* sparkles_light.json */; };
		D93569CB2DB0D22500C23237 /* sparkles_light.json in Resources */ = {isa = PBXBuildFile; fileRef = D93569C92DB0D22500C23237 /* sparkles_light.json */; };
		D93569CD2DB0D31500C23237 /* pulsingCircle_light.json in Resources */ = {isa = PBXBuildFile; fileRef = D93569CC2DB0D31500C23237 /* pulsingCircle_light.json */; };
		D93569CE2DB0D31500C23237 /* pulsingCircle_light.json in Resources */ = {isa = PBXBuildFile; fileRef = D93569CC2DB0D31500C23237 /* pulsingCircle_light.json */; };
		D93569D92DB18DEA00C23237 /* stars_light.json in Resources */ = {isa = PBXBuildFile; fileRef = D93569D82DB18DEA00C23237 /* stars_light.json */; };
		D93569DA2DB18DEA00C23237 /* stars_light.json in Resources */ = {isa = PBXBuildFile; fileRef = D93569D82DB18DEA00C23237 /* stars_light.json */; };
		D9356A2C2DB5622E00C23237 /* AppearanceMode.swift in Sources */ = {isa = PBXBuildFile; fileRef = D9356A2B2DB5622E00C23237 /* AppearanceMode.swift */; };
		D9356A2D2DB5622E00C23237 /* AppearanceMode.swift in Sources */ = {isa = PBXBuildFile; fileRef = D9356A2B2DB5622E00C23237 /* AppearanceMode.swift */; };
		D95A29CD2CFCF08C0007A71A /* LocalError.swift in Sources */ = {isa = PBXBuildFile; fileRef = D95A29CC2CFCF08C0007A71A /* LocalError.swift */; };
		D95A32DC2D00DCF50007A71A /* 온글잎 의연체.ttf in Resources */ = {isa = PBXBuildFile; fileRef = D95A32DB2D00DCF50007A71A /* 온글잎 의연체.ttf */; };
		D95A41B12D08AFFA0007A71A /* Extension+CGFloat.swift in Sources */ = {isa = PBXBuildFile; fileRef = D95A41B02D08AFFA0007A71A /* Extension+CGFloat.swift */; };
		D95C181F2CCE7E1C00055C7C /* Presentable.swift in Sources */ = {isa = PBXBuildFile; fileRef = D95C181E2CCE7E1C00055C7C /* Presentable.swift */; };
		D95C18212CCE7E5A00055C7C /* PresentingDisappearable.swift in Sources */ = {isa = PBXBuildFile; fileRef = D95C18202CCE7E5A00055C7C /* PresentingDisappearable.swift */; };
		D95C18252CCE98E000055C7C /* Extension+String.swift in Sources */ = {isa = PBXBuildFile; fileRef = D95C18242CCE98E000055C7C /* Extension+String.swift */; };
		D95C182E2CCEAB1D00055C7C /* Weather.swift in Sources */ = {isa = PBXBuildFile; fileRef = D95C182D2CCEAB1D00055C7C /* Weather.swift */; };
		D95C183B2CCF7A4400055C7C /* Emoji.swift in Sources */ = {isa = PBXBuildFile; fileRef = D95C183A2CCF7A4400055C7C /* Emoji.swift */; };
		D9609F512CC0426B005E8F0C /* Extension+Date.swift in Sources */ = {isa = PBXBuildFile; fileRef = D9609F502CC0426B005E8F0C /* Extension+Date.swift */; };
		D96B7BAD2D9D843E001EE1ED /* Query.swift in Sources */ = {isa = PBXBuildFile; fileRef = D96B7BAC2D9D843E001EE1ED /* Query.swift */; };
		D96B7BAE2D9D843E001EE1ED /* Query.swift in Sources */ = {isa = PBXBuildFile; fileRef = D96B7BAC2D9D843E001EE1ED /* Query.swift */; };
		D9708BD42CADB9120081540E /* AnimationGroup.swift in Sources */ = {isa = PBXBuildFile; fileRef = D9708BD32CADB9120081540E /* AnimationGroup.swift */; };
		D973F4052D2EDD27003F36E8 /* ArrayTransformer.swift in Sources */ = {isa = PBXBuildFile; fileRef = D973F4042D2EDD27003F36E8 /* ArrayTransformer.swift */; };
		D97421B22C5ABE12002E47F9 /* AppDelegate.swift in Sources */ = {isa = PBXBuildFile; fileRef = D97421B12C5ABE12002E47F9 /* AppDelegate.swift */; };
		D97421B42C5ABE12002E47F9 /* SceneDelegate.swift in Sources */ = {isa = PBXBuildFile; fileRef = D97421B32C5ABE12002E47F9 /* SceneDelegate.swift */; };
		D97421BB2C5ABE14002E47F9 /* Assets.xcassets in Resources */ = {isa = PBXBuildFile; fileRef = D97421BA2C5ABE14002E47F9 /* Assets.xcassets */; };
		D97421BE2C5ABE14002E47F9 /* Base in Resources */ = {isa = PBXBuildFile; fileRef = D97421BD2C5ABE14002E47F9 /* Base */; };
		D97421E42C5BF879002E47F9 /* SnapKit in Frameworks */ = {isa = PBXBuildFile; productRef = D97421E32C5BF879002E47F9 /* SnapKit */; };
		D97421E72C5BF90A002E47F9 /* Lottie in Frameworks */ = {isa = PBXBuildFile; productRef = D97421E62C5BF90A002E47F9 /* Lottie */; };
		D99958502D3AD65D008E6F71 /* stars_dark.json in Resources */ = {isa = PBXBuildFile; fileRef = D999584F2D3AD65D008E6F71 /* stars_dark.json */; };
		D99958542D3AD954008E6F71 /* pulsingCircle_dark.json in Resources */ = {isa = PBXBuildFile; fileRef = D99958532D3AD954008E6F71 /* pulsingCircle_dark.json */; };
		D99959C12D3AE254008E6F71 /* Keys.plist in Resources */ = {isa = PBXBuildFile; fileRef = D9FCFFA22CB9A99600A53A14 /* Keys.plist */; };
		D99959C22D3AE254008E6F71 /* GoogleService-Info.plist in Resources */ = {isa = PBXBuildFile; fileRef = D9CF37922CF39BAC00B1A92D /* GoogleService-Info.plist */; };
		D9995A902D3AE2A8008E6F71 /* CounselingCharacter.swift in Sources */ = {isa = PBXBuildFile; fileRef = D92F498F2C7A02BF00CD7D2A /* CounselingCharacter.swift */; };
		D9995A912D3AE2A8008E6F71 /* CounselRepository.swift in Sources */ = {isa = PBXBuildFile; fileRef = D9FCFFBF2CBAE4BF00A53A14 /* CounselRepository.swift */; };
		D9995A922D3AE2A8008E6F71 /* Extension+UIView.swift in Sources */ = {isa = PBXBuildFile; fileRef = D9DDE7452C8A2960004AE15C /* Extension+UIView.swift */; };
		D9995A932D3AE2A8008E6F71 /* Presentable.swift in Sources */ = {isa = PBXBuildFile; fileRef = D95C181E2CCE7E1C00055C7C /* Presentable.swift */; };
		D9995A962D3AE2A8008E6F71 /* PresentingDisappearable.swift in Sources */ = {isa = PBXBuildFile; fileRef = D95C18202CCE7E5A00055C7C /* PresentingDisappearable.swift */; };
		D9995A982D3AE2A8008E6F71 /* Extension+Date.swift in Sources */ = {isa = PBXBuildFile; fileRef = D9609F502CC0426B005E8F0C /* Extension+Date.swift */; };
		D9995A992D3AE2A8008E6F71 /* GradientView.swift in Sources */ = {isa = PBXBuildFile; fileRef = D9D9E0C02C6B9E400095792A /* GradientView.swift */; };
		D9995A9B2D3AE2A8008E6F71 /* LocalError.swift in Sources */ = {isa = PBXBuildFile; fileRef = D95A29CC2CFCF08C0007A71A /* LocalError.swift */; };
		D9995A9C2D3AE2A8008E6F71 /* CounselingSession.swift in Sources */ = {isa = PBXBuildFile; fileRef = D99BF17B2CBEC14E00465718 /* CounselingSession.swift */; };
		D9995A9D2D3AE2A8008E6F71 /* Session.swift in Sources */ = {isa = PBXBuildFile; fileRef = D9BF60682CC73B4C001C9D2B /* Session.swift */; };
		D9995A9F2D3AE2A8008E6F71 /* CounselRepositoryProtocol.swift in Sources */ = {isa = PBXBuildFile; fileRef = D9FCFFC22CBC1A9400A53A14 /* CounselRepositoryProtocol.swift */; };
		D9995AA62D3AE2A8008E6F71 /* Emoji.swift in Sources */ = {isa = PBXBuildFile; fileRef = D95C183A2CCF7A4400055C7C /* Emoji.swift */; };
		D9995AAA2D3AE2A8008E6F71 /* Extension+Reactive.swift in Sources */ = {isa = PBXBuildFile; fileRef = D9BF60852CC932CE001C9D2B /* Extension+Reactive.swift */; };
		D9995AAD2D3AE2A8008E6F71 /* Weather.swift in Sources */ = {isa = PBXBuildFile; fileRef = D95C182D2CCEAB1D00055C7C /* Weather.swift */; };
		D9995AB42D3AE2A8008E6F71 /* Extension+UIStackView.swift in Sources */ = {isa = PBXBuildFile; fileRef = D9B07F3F2C8B66320048B2D9 /* Extension+UIStackView.swift */; };
		D9995AB82D3AE2A8008E6F71 /* Color.swift in Sources */ = {isa = PBXBuildFile; fileRef = D9D9E00B2C5C1C2E0095792A /* Color.swift */; };
		D9995ABF2D3AE2A8008E6F71 /* Toast.swift in Sources */ = {isa = PBXBuildFile; fileRef = D9FCFFC52CBC244900A53A14 /* Toast.swift */; };
		D9995AC12D3AE2A8008E6F71 /* Extension+CGFloat.swift in Sources */ = {isa = PBXBuildFile; fileRef = D95A41B02D08AFFA0007A71A /* Extension+CGFloat.swift */; };
		D9995AC22D3AE2A8008E6F71 /* AnimationGroup.swift in Sources */ = {isa = PBXBuildFile; fileRef = D9708BD32CADB9120081540E /* AnimationGroup.swift */; };
		D9995AC32D3AE2A8008E6F71 /* AppCoordinator.swift in Sources */ = {isa = PBXBuildFile; fileRef = D9CF31912CED096500B1A92D /* AppCoordinator.swift */; };
		D9995AC52D3AE2A8008E6F71 /* Font.swift in Sources */ = {isa = PBXBuildFile; fileRef = D9D9E00C2C5C1C2E0095792A /* Font.swift */; };
		D9995ACB2D3AE2A8008E6F71 /* Dismissable.swift in Sources */ = {isa = PBXBuildFile; fileRef = D9BF60AE2CCE3195001C9D2B /* Dismissable.swift */; };
		D9995AD02D3AE2A8008E6F71 /* Talking.swift in Sources */ = {isa = PBXBuildFile; fileRef = D9D9E0C82C6BD82C0095792A /* Talking.swift */; };
		D9995AD72D3AE2A8008E6F71 /* Animation.swift in Sources */ = {isa = PBXBuildFile; fileRef = D935483C2C725BDA00E5EBF9 /* Animation.swift */; };
		D9995ADD2D3AE2A8008E6F71 /* Extension+UIColor.swift in Sources */ = {isa = PBXBuildFile; fileRef = D9D9E0102C5C1C340095792A /* Extension+UIColor.swift */; };
		D9995AE42D3AE2A8008E6F71 /* Extension+UIImage.swift in Sources */ = {isa = PBXBuildFile; fileRef = D9B07F3D2C8B5F430048B2D9 /* Extension+UIImage.swift */; };
		D9995AEA2D3AE2A8008E6F71 /* then.swift in Sources */ = {isa = PBXBuildFile; fileRef = D9D9E0682C6279E80095792A /* then.swift */; };
		D9995AF12D3AE2A8008E6F71 /* Extension+String.swift in Sources */ = {isa = PBXBuildFile; fileRef = D95C18242CCE98E000055C7C /* Extension+String.swift */; };
		D9995AF52D3AE2A8008E6F71 /* DismissedAppearable.swift in Sources */ = {isa = PBXBuildFile; fileRef = D9BF60B02CCE31C8001C9D2B /* DismissedAppearable.swift */; };
		D9995AF82D3AE2A8008E6F71 /* CounselRepositoryKey.swift in Sources */ = {isa = PBXBuildFile; fileRef = D9BF60662CC6DC37001C9D2B /* CounselRepositoryKey.swift */; };
		D9995AF92D3AE2A8008E6F71 /* AppEnvironment.swift in Sources */ = {isa = PBXBuildFile; fileRef = D9BF60602CC6C580001C9D2B /* AppEnvironment.swift */; };
		D9995AFA2D3AE2A8008E6F71 /* AppDelegate.swift in Sources */ = {isa = PBXBuildFile; fileRef = D97421B12C5ABE12002E47F9 /* AppDelegate.swift */; };
		D9995AFB2D3AE2A8008E6F71 /* ArrayTransformer.swift in Sources */ = {isa = PBXBuildFile; fileRef = D973F4042D2EDD27003F36E8 /* ArrayTransformer.swift */; };
		D9995AFD2D3AE2A8008E6F71 /* SceneDelegate.swift in Sources */ = {isa = PBXBuildFile; fileRef = D97421B32C5ABE12002E47F9 /* SceneDelegate.swift */; };
		D9995B002D3AE2A8008E6F71 /* CircularTabBarControllable.swift in Sources */ = {isa = PBXBuildFile; fileRef = D9BF60A82CCD7D1B001C9D2B /* CircularTabBarControllable.swift */; };
		D9995B072D3AE2A8008E6F71 /* AmplitudeSwift in Frameworks */ = {isa = PBXBuildFile; productRef = D9995A882D3AE2A8008E6F71 /* AmplitudeSwift */; };
		D9995B082D3AE2A8008E6F71 /* OpenAI in Frameworks */ = {isa = PBXBuildFile; productRef = D9995A832D3AE2A8008E6F71 /* OpenAI */; };
		D9995B092D3AE2A8008E6F71 /* SnapKit in Frameworks */ = {isa = PBXBuildFile; productRef = D9995A772D3AE2A8008E6F71 /* SnapKit */; };
		D9995B0A2D3AE2A8008E6F71 /* Lottie in Frameworks */ = {isa = PBXBuildFile; productRef = D9995A792D3AE2A8008E6F71 /* Lottie */; };
		D9995B0C2D3AE2A8008E6F71 /* ComposableArchitecture in Frameworks */ = {isa = PBXBuildFile; productRef = D9995A7B2D3AE2A8008E6F71 /* ComposableArchitecture */; };
		D9995B0D2D3AE2A8008E6F71 /* FirebaseCrashlytics in Frameworks */ = {isa = PBXBuildFile; productRef = D9995A872D3AE2A8008E6F71 /* FirebaseCrashlytics */; };
		D9995B0F2D3AE2A8008E6F71 /* FirebaseAnalytics in Frameworks */ = {isa = PBXBuildFile; productRef = D9995A852D3AE2A8008E6F71 /* FirebaseAnalytics */; };
		D9995B132D3AE2A8008E6F71 /* Assets.xcassets in Resources */ = {isa = PBXBuildFile; fileRef = D97421BA2C5ABE14002E47F9 /* Assets.xcassets */; };
		D9995B142D3AE2A8008E6F71 /* 온글잎 의연체.ttf in Resources */ = {isa = PBXBuildFile; fileRef = D95A32DB2D00DCF50007A71A /* 온글잎 의연체.ttf */; };
		D9995B152D3AE2A8008E6F71 /* Base in Resources */ = {isa = PBXBuildFile; fileRef = D97421BD2C5ABE14002E47F9 /* Base */; };
		D9995B172D3AE2A8008E6F71 /* skeleton.json in Resources */ = {isa = PBXBuildFile; fileRef = D9DB06292D2A79C90076B262 /* skeleton.json */; };
		D9995B182D3AE2A8008E6F71 /* pulsingCircle_dark.json in Resources */ = {isa = PBXBuildFile; fileRef = D99958532D3AD954008E6F71 /* pulsingCircle_dark.json */; };
		D9995B192D3AE2A8008E6F71 /* stars_dark.json in Resources */ = {isa = PBXBuildFile; fileRef = D999584F2D3AD65D008E6F71 /* stars_dark.json */; };
		D9998B8D2D3C319500FADEE2 /* Extension+Array.swift in Sources */ = {isa = PBXBuildFile; fileRef = D9998B8C2D3C319500FADEE2 /* Extension+Array.swift */; };
		D9998B8E2D3C319500FADEE2 /* Extension+Array.swift in Sources */ = {isa = PBXBuildFile; fileRef = D9998B8C2D3C319500FADEE2 /* Extension+Array.swift */; };
		D99BF17C2CBEC14E00465718 /* CounselingSession.swift in Sources */ = {isa = PBXBuildFile; fileRef = D99BF17B2CBEC14E00465718 /* CounselingSession.swift */; };
		D9B07F3E2C8B5F430048B2D9 /* Extension+UIImage.swift in Sources */ = {isa = PBXBuildFile; fileRef = D9B07F3D2C8B5F430048B2D9 /* Extension+UIImage.swift */; };
		D9B07F402C8B66320048B2D9 /* Extension+UIStackView.swift in Sources */ = {isa = PBXBuildFile; fileRef = D9B07F3F2C8B66320048B2D9 /* Extension+UIStackView.swift */; };
		D9BF60612CC6C580001C9D2B /* AppEnvironment.swift in Sources */ = {isa = PBXBuildFile; fileRef = D9BF60602CC6C580001C9D2B /* AppEnvironment.swift */; };
		D9BF60672CC6DC37001C9D2B /* CounselRepositoryKey.swift in Sources */ = {isa = PBXBuildFile; fileRef = D9BF60662CC6DC37001C9D2B /* CounselRepositoryKey.swift */; };
		D9BF60692CC73B4C001C9D2B /* Session.swift in Sources */ = {isa = PBXBuildFile; fileRef = D9BF60682CC73B4C001C9D2B /* Session.swift */; };
		D9BF60862CC932CE001C9D2B /* Extension+Reactive.swift in Sources */ = {isa = PBXBuildFile; fileRef = D9BF60852CC932CE001C9D2B /* Extension+Reactive.swift */; };
		D9BF60A92CCD7D1B001C9D2B /* CircularTabBarControllable.swift in Sources */ = {isa = PBXBuildFile; fileRef = D9BF60A82CCD7D1B001C9D2B /* CircularTabBarControllable.swift */; };
		D9BF60AF2CCE3195001C9D2B /* Dismissable.swift in Sources */ = {isa = PBXBuildFile; fileRef = D9BF60AE2CCE3195001C9D2B /* Dismissable.swift */; };
		D9BF60B12CCE31C8001C9D2B /* DismissedAppearable.swift in Sources */ = {isa = PBXBuildFile; fileRef = D9BF60B02CCE31C8001C9D2B /* DismissedAppearable.swift */; };
		D9CF31922CED096500B1A92D /* AppCoordinator.swift in Sources */ = {isa = PBXBuildFile; fileRef = D9CF31912CED096500B1A92D /* AppCoordinator.swift */; };
		D9CF37962CF39C5500B1A92D /* FirebaseAnalytics in Frameworks */ = {isa = PBXBuildFile; productRef = D9CF37952CF39C5500B1A92D /* FirebaseAnalytics */; };
		D9CF37982CF39C5500B1A92D /* FirebaseCrashlytics in Frameworks */ = {isa = PBXBuildFile; productRef = D9CF37972CF39C5500B1A92D /* FirebaseCrashlytics */; };
		D9CF38422CF4D1EA00B1A92D /* AmplitudeSwift in Frameworks */ = {isa = PBXBuildFile; productRef = D9CF38412CF4D1EA00B1A92D /* AmplitudeSwift */; };
		D9D9E00E2C5C1C2E0095792A /* Color.swift in Sources */ = {isa = PBXBuildFile; fileRef = D9D9E00B2C5C1C2E0095792A /* Color.swift */; };
		D9D9E00F2C5C1C2E0095792A /* Font.swift in Sources */ = {isa = PBXBuildFile; fileRef = D9D9E00C2C5C1C2E0095792A /* Font.swift */; };
		D9D9E0122C5C1C340095792A /* Extension+UIColor.swift in Sources */ = {isa = PBXBuildFile; fileRef = D9D9E0102C5C1C340095792A /* Extension+UIColor.swift */; };
		D9D9E0692C6279E80095792A /* then.swift in Sources */ = {isa = PBXBuildFile; fileRef = D9D9E0682C6279E80095792A /* then.swift */; };
		D9D9E0C12C6B9E400095792A /* GradientView.swift in Sources */ = {isa = PBXBuildFile; fileRef = D9D9E0C02C6B9E400095792A /* GradientView.swift */; };
		D9D9E0C92C6BD82C0095792A /* Talking.swift in Sources */ = {isa = PBXBuildFile; fileRef = D9D9E0C82C6BD82C0095792A /* Talking.swift */; };
		D9DB062A2D2A79C90076B262 /* skeleton.json in Resources */ = {isa = PBXBuildFile; fileRef = D9DB06292D2A79C90076B262 /* skeleton.json */; };
		D9DDE7462C8A2960004AE15C /* Extension+UIView.swift in Sources */ = {isa = PBXBuildFile; fileRef = D9DDE7452C8A2960004AE15C /* Extension+UIView.swift */; };
		D9FCFFA12CB9A86600A53A14 /* OpenAI in Frameworks */ = {isa = PBXBuildFile; productRef = D9FCFFA02CB9A86600A53A14 /* OpenAI */; };
		D9FCFFC02CBAE4BF00A53A14 /* CounselRepository.swift in Sources */ = {isa = PBXBuildFile; fileRef = D9FCFFBF2CBAE4BF00A53A14 /* CounselRepository.swift */; };
		D9FCFFC32CBC1A9400A53A14 /* CounselRepositoryProtocol.swift in Sources */ = {isa = PBXBuildFile; fileRef = D9FCFFC22CBC1A9400A53A14 /* CounselRepositoryProtocol.swift */; };
		D9FCFFC62CBC244900A53A14 /* Toast.swift in Sources */ = {isa = PBXBuildFile; fileRef = D9FCFFC52CBC244900A53A14 /* Toast.swift */; };
/* End PBXBuildFile section */

/* Begin PBXContainerItemProxy section */
		D9B412992DAD70C30011F09A /* PBXContainerItemProxy */ = {
			isa = PBXContainerItemProxy;
			containerPortal = D97421A62C5ABE12002E47F9 /* Project object */;
			proxyType = 1;
			remoteGlobalIDString = D9995A762D3AE2A8008E6F71;
			remoteInfo = GloomyDiaryExample;
		};
/* End PBXContainerItemProxy section */

/* Begin PBXFileReference section */
		D9185F1B2D466C2300936684 /* BaseViewController.swift */ = {isa = PBXFileReference; lastKnownFileType = sourcecode.swift; path = BaseViewController.swift; sourceTree = "<group>"; };
		D91865C62D4EC2C500936684 /* FeatureAction.swift */ = {isa = PBXFileReference; lastKnownFileType = sourcecode.swift; path = FeatureAction.swift; sourceTree = "<group>"; };
		D92F498F2C7A02BF00CD7D2A /* CounselingCharacter.swift */ = {isa = PBXFileReference; lastKnownFileType = sourcecode.swift; path = CounselingCharacter.swift; sourceTree = "<group>"; };
		D935483C2C725BDA00E5EBF9 /* Animation.swift */ = {isa = PBXFileReference; lastKnownFileType = sourcecode.swift; path = Animation.swift; sourceTree = "<group>"; };
		D93569BD2DB0C05200C23237 /* ImageAssets.swift */ = {isa = PBXFileReference; lastKnownFileType = sourcecode.swift; path = ImageAssets.swift; sourceTree = "<group>"; };
		D93569C62DB0D12200C23237 /* sparkles_dark.json */ = {isa = PBXFileReference; lastKnownFileType = text.json; path = sparkles_dark.json; sourceTree = "<group>"; };
		D93569C92DB0D22500C23237 /* sparkles_light.json */ = {isa = PBXFileReference; lastKnownFileType = text.json; path = sparkles_light.json; sourceTree = "<group>"; };
		D93569CC2DB0D31500C23237 /* pulsingCircle_light.json */ = {isa = PBXFileReference; lastKnownFileType = text.json; path = pulsingCircle_light.json; sourceTree = "<group>"; };
		D93569D82DB18DEA00C23237 /* stars_light.json */ = {isa = PBXFileReference; lastKnownFileType = text.json; path = stars_light.json; sourceTree = "<group>"; };
		D9356A2B2DB5622E00C23237 /* AppearanceMode.swift */ = {isa = PBXFileReference; lastKnownFileType = sourcecode.swift; path = AppearanceMode.swift; sourceTree = "<group>"; };
		D94350B62D36A60000659380 /* CacheTests.swift */ = {isa = PBXFileReference; lastKnownFileType = sourcecode.swift; path = CacheTests.swift; sourceTree = "<group>"; };
		D95A29CC2CFCF08C0007A71A /* LocalError.swift */ = {isa = PBXFileReference; lastKnownFileType = sourcecode.swift; path = LocalError.swift; sourceTree = "<group>"; };
		D95A32DB2D00DCF50007A71A /* 온글잎 의연체.ttf */ = {isa = PBXFileReference; lastKnownFileType = file; path = "온글잎 의연체.ttf"; sourceTree = "<group>"; };
		D95A41B02D08AFFA0007A71A /* Extension+CGFloat.swift */ = {isa = PBXFileReference; lastKnownFileType = sourcecode.swift; path = "Extension+CGFloat.swift"; sourceTree = "<group>"; };
		D95A41D12D09CED80007A71A /* ko */ = {isa = PBXFileReference; lastKnownFileType = text.plist.strings; name = ko; path = ko.lproj/LaunchScreen.strings; sourceTree = "<group>"; };
		D95C181E2CCE7E1C00055C7C /* Presentable.swift */ = {isa = PBXFileReference; lastKnownFileType = sourcecode.swift; path = Presentable.swift; sourceTree = "<group>"; };
		D95C18202CCE7E5A00055C7C /* PresentingDisappearable.swift */ = {isa = PBXFileReference; lastKnownFileType = sourcecode.swift; path = PresentingDisappearable.swift; sourceTree = "<group>"; };
		D95C18242CCE98E000055C7C /* Extension+String.swift */ = {isa = PBXFileReference; lastKnownFileType = sourcecode.swift; path = "Extension+String.swift"; sourceTree = "<group>"; };
		D95C182D2CCEAB1D00055C7C /* Weather.swift */ = {isa = PBXFileReference; lastKnownFileType = sourcecode.swift; path = Weather.swift; sourceTree = "<group>"; };
		D95C183A2CCF7A4400055C7C /* Emoji.swift */ = {isa = PBXFileReference; lastKnownFileType = sourcecode.swift; path = Emoji.swift; sourceTree = "<group>"; };
		D9609F502CC0426B005E8F0C /* Extension+Date.swift */ = {isa = PBXFileReference; lastKnownFileType = sourcecode.swift; path = "Extension+Date.swift"; sourceTree = "<group>"; };
		D96B7BAC2D9D843E001EE1ED /* Query.swift */ = {isa = PBXFileReference; lastKnownFileType = sourcecode.swift; path = Query.swift; sourceTree = "<group>"; };
		D9708BD32CADB9120081540E /* AnimationGroup.swift */ = {isa = PBXFileReference; lastKnownFileType = sourcecode.swift; path = AnimationGroup.swift; sourceTree = "<group>"; };
		D973F4042D2EDD27003F36E8 /* ArrayTransformer.swift */ = {isa = PBXFileReference; lastKnownFileType = sourcecode.swift; path = ArrayTransformer.swift; sourceTree = "<group>"; };
		D97421AE2C5ABE12002E47F9 /* GloomyDiary.app */ = {isa = PBXFileReference; explicitFileType = wrapper.application; includeInIndex = 0; path = GloomyDiary.app; sourceTree = BUILT_PRODUCTS_DIR; };
		D97421B12C5ABE12002E47F9 /* AppDelegate.swift */ = {isa = PBXFileReference; lastKnownFileType = sourcecode.swift; path = AppDelegate.swift; sourceTree = "<group>"; };
		D97421B32C5ABE12002E47F9 /* SceneDelegate.swift */ = {isa = PBXFileReference; lastKnownFileType = sourcecode.swift; path = SceneDelegate.swift; sourceTree = "<group>"; };
		D97421BA2C5ABE14002E47F9 /* Assets.xcassets */ = {isa = PBXFileReference; lastKnownFileType = folder.assetcatalog; path = Assets.xcassets; sourceTree = "<group>"; };
		D97421BD2C5ABE14002E47F9 /* Base */ = {isa = PBXFileReference; lastKnownFileType = file.storyboard; name = Base; path = Base.lproj/LaunchScreen.storyboard; sourceTree = "<group>"; };
		D97421BF2C5ABE14002E47F9 /* Info.plist */ = {isa = PBXFileReference; lastKnownFileType = text.plist.xml; path = Info.plist; sourceTree = "<group>"; };
		D97421D22C5ABE15002E47F9 /* GloomyDiaryUITests.swift */ = {isa = PBXFileReference; lastKnownFileType = sourcecode.swift; path = GloomyDiaryUITests.swift; sourceTree = "<group>"; };
		D97421D42C5ABE15002E47F9 /* GloomyDiaryUITestsLaunchTests.swift */ = {isa = PBXFileReference; lastKnownFileType = sourcecode.swift; path = GloomyDiaryUITestsLaunchTests.swift; sourceTree = "<group>"; };
		D999584F2D3AD65D008E6F71 /* stars_dark.json */ = {isa = PBXFileReference; lastKnownFileType = text.json; path = stars_dark.json; sourceTree = "<group>"; };
		D99958532D3AD954008E6F71 /* pulsingCircle_dark.json */ = {isa = PBXFileReference; lastKnownFileType = text.json; path = pulsingCircle_dark.json; sourceTree = "<group>"; };
		D9995B1F2D3AE2A8008E6F71 /* GloomyDiaryExample.app */ = {isa = PBXFileReference; explicitFileType = wrapper.application; includeInIndex = 0; path = GloomyDiaryExample.app; sourceTree = BUILT_PRODUCTS_DIR; };
		D9998B8C2D3C319500FADEE2 /* Extension+Array.swift */ = {isa = PBXFileReference; lastKnownFileType = sourcecode.swift; path = "Extension+Array.swift"; sourceTree = "<group>"; };
		D99BF17B2CBEC14E00465718 /* CounselingSession.swift */ = {isa = PBXFileReference; lastKnownFileType = sourcecode.swift; path = CounselingSession.swift; sourceTree = "<group>"; };
		D9B07F3D2C8B5F430048B2D9 /* Extension+UIImage.swift */ = {isa = PBXFileReference; lastKnownFileType = sourcecode.swift; path = "Extension+UIImage.swift"; sourceTree = "<group>"; };
		D9B07F3F2C8B66320048B2D9 /* Extension+UIStackView.swift */ = {isa = PBXFileReference; lastKnownFileType = sourcecode.swift; path = "Extension+UIStackView.swift"; sourceTree = "<group>"; };
		D9B412952DAD70C30011F09A /* GloomyDiaryTests.xctest */ = {isa = PBXFileReference; explicitFileType = wrapper.cfbundle; includeInIndex = 0; path = GloomyDiaryTests.xctest; sourceTree = BUILT_PRODUCTS_DIR; };
		D9BF60602CC6C580001C9D2B /* AppEnvironment.swift */ = {isa = PBXFileReference; lastKnownFileType = sourcecode.swift; path = AppEnvironment.swift; sourceTree = "<group>"; };
		D9BF60662CC6DC37001C9D2B /* CounselRepositoryKey.swift */ = {isa = PBXFileReference; lastKnownFileType = sourcecode.swift; path = CounselRepositoryKey.swift; sourceTree = "<group>"; };
		D9BF60682CC73B4C001C9D2B /* Session.swift */ = {isa = PBXFileReference; lastKnownFileType = sourcecode.swift; path = Session.swift; sourceTree = "<group>"; };
		D9BF60852CC932CE001C9D2B /* Extension+Reactive.swift */ = {isa = PBXFileReference; lastKnownFileType = sourcecode.swift; path = "Extension+Reactive.swift"; sourceTree = "<group>"; };
		D9BF60A82CCD7D1B001C9D2B /* CircularTabBarControllable.swift */ = {isa = PBXFileReference; lastKnownFileType = sourcecode.swift; path = CircularTabBarControllable.swift; sourceTree = "<group>"; };
		D9BF60AE2CCE3195001C9D2B /* Dismissable.swift */ = {isa = PBXFileReference; lastKnownFileType = sourcecode.swift; path = Dismissable.swift; sourceTree = "<group>"; };
		D9BF60B02CCE31C8001C9D2B /* DismissedAppearable.swift */ = {isa = PBXFileReference; lastKnownFileType = sourcecode.swift; path = DismissedAppearable.swift; sourceTree = "<group>"; };
		D9CF31912CED096500B1A92D /* AppCoordinator.swift */ = {isa = PBXFileReference; lastKnownFileType = sourcecode.swift; path = AppCoordinator.swift; sourceTree = "<group>"; };
		D9CF37922CF39BAC00B1A92D /* GoogleService-Info.plist */ = {isa = PBXFileReference; lastKnownFileType = text.plist.xml; path = "GoogleService-Info.plist"; sourceTree = "<group>"; };
		D9D9E00B2C5C1C2E0095792A /* Color.swift */ = {isa = PBXFileReference; fileEncoding = 4; lastKnownFileType = sourcecode.swift; path = Color.swift; sourceTree = "<group>"; };
		D9D9E00C2C5C1C2E0095792A /* Font.swift */ = {isa = PBXFileReference; fileEncoding = 4; lastKnownFileType = sourcecode.swift; path = Font.swift; sourceTree = "<group>"; };
		D9D9E0102C5C1C340095792A /* Extension+UIColor.swift */ = {isa = PBXFileReference; fileEncoding = 4; lastKnownFileType = sourcecode.swift; path = "Extension+UIColor.swift"; sourceTree = "<group>"; };
		D9D9E0682C6279E80095792A /* then.swift */ = {isa = PBXFileReference; lastKnownFileType = sourcecode.swift; path = then.swift; sourceTree = "<group>"; };
		D9D9E0C02C6B9E400095792A /* GradientView.swift */ = {isa = PBXFileReference; lastKnownFileType = sourcecode.swift; path = GradientView.swift; sourceTree = "<group>"; };
		D9D9E0C82C6BD82C0095792A /* Talking.swift */ = {isa = PBXFileReference; fileEncoding = 4; lastKnownFileType = sourcecode.swift; path = Talking.swift; sourceTree = "<group>"; };
		D9DB06292D2A79C90076B262 /* skeleton.json */ = {isa = PBXFileReference; lastKnownFileType = text.json; path = skeleton.json; sourceTree = "<group>"; };
		D9DDE7452C8A2960004AE15C /* Extension+UIView.swift */ = {isa = PBXFileReference; lastKnownFileType = sourcecode.swift; path = "Extension+UIView.swift"; sourceTree = "<group>"; };
		D9FCFFA22CB9A99600A53A14 /* Keys.plist */ = {isa = PBXFileReference; lastKnownFileType = text.plist; path = Keys.plist; sourceTree = "<group>"; };
		D9FCFFBF2CBAE4BF00A53A14 /* CounselRepository.swift */ = {isa = PBXFileReference; lastKnownFileType = sourcecode.swift; path = CounselRepository.swift; sourceTree = "<group>"; };
		D9FCFFC22CBC1A9400A53A14 /* CounselRepositoryProtocol.swift */ = {isa = PBXFileReference; lastKnownFileType = sourcecode.swift; path = CounselRepositoryProtocol.swift; sourceTree = "<group>"; };
		D9FCFFC52CBC244900A53A14 /* Toast.swift */ = {isa = PBXFileReference; lastKnownFileType = sourcecode.swift; path = Toast.swift; sourceTree = "<group>"; };
/* End PBXFileReference section */

/* Begin PBXFileSystemSynchronizedBuildFileExceptionSet section */
		D9D6A8632DBA35B40021BB97 /* PBXFileSystemSynchronizedBuildFileExceptionSet */ = {
			isa = PBXFileSystemSynchronizedBuildFileExceptionSet;
			membershipExceptions = (
				Screen/ChoosingCharacter/Tests/ChoosingCharacterTests.swift,
				Screen/ChoosingEmoji/Tests/ChoosingEmojiTests.swift,
				Screen/ChoosingWeather/Tests/ChoosingWeatherTests.swift,
				Screen/Counsel/Tests/CounselingTests.swift,
				Screen/Guide/Tests/GuideTests.swift,
				Screen/HistoryDetail/Delete/Tests/HistoryDeleteTests.swift,
				Screen/HistoryDetail/Detail/Tests/HistoryDetailTests.swift,
				Screen/HistoryDetail/Menu/Tests/HistoryMenuTests.swift,
				Screen/HistoryList/Tests/HistoryTests.swift,
				Screen/Home/Tests/HomeTests.swift,
				Screen/Home/Tests/LocalNotificationPopUpFlowTests.swift,
				Screen/Home/Tests/ReviewPopUpFlowTests.swift,
				Screen/LocalNotification/Tests/LocalNotificationFlowTests.swift,
				Screen/Result/Tests/CounselResultTests.swift,
				Screen/Review/Tests/ReviewFlowTests.swift,
				Screen/StartCounsel/Tests/StartCounselTests.swift,
				Screen/Welcome/Tests/WelcomeTests.swift,
			);
			target = D97421AD2C5ABE12002E47F9 /* GloomyDiary */;
		};
		D9D6A8642DBA35B40021BB97 /* PBXFileSystemSynchronizedBuildFileExceptionSet */ = {
			isa = PBXFileSystemSynchronizedBuildFileExceptionSet;
			membershipExceptions = (
				Screen/ChoosingCharacter/Tests/ChoosingCharacterTests.swift,
				Screen/ChoosingEmoji/Tests/ChoosingEmojiTests.swift,
				Screen/ChoosingWeather/Tests/ChoosingWeatherTests.swift,
				Screen/Counsel/Tests/CounselingTests.swift,
				Screen/Guide/Tests/GuideTests.swift,
				Screen/HistoryDetail/Delete/Tests/HistoryDeleteTests.swift,
				Screen/HistoryDetail/Detail/Tests/HistoryDetailTests.swift,
				Screen/HistoryDetail/Menu/Tests/HistoryMenuTests.swift,
				Screen/HistoryList/Tests/HistoryTests.swift,
				Screen/Home/Tests/HomeTests.swift,
				Screen/Home/Tests/LocalNotificationPopUpFlowTests.swift,
				Screen/Home/Tests/ReviewPopUpFlowTests.swift,
				Screen/LocalNotification/Tests/LocalNotificationFlowTests.swift,
				Screen/Result/Tests/CounselResultTests.swift,
				Screen/Review/Tests/ReviewFlowTests.swift,
				Screen/StartCounsel/Tests/StartCounselTests.swift,
				Screen/Welcome/Tests/WelcomeTests.swift,
			);
			target = D9995A762D3AE2A8008E6F71 /* GloomyDiaryExample */;
		};
		D9D6A8652DBA35B40021BB97 /* PBXFileSystemSynchronizedBuildFileExceptionSet */ = {
			isa = PBXFileSystemSynchronizedBuildFileExceptionSet;
			membershipExceptions = (
				Screen/ChoosingCharacter/Tests/ChoosingCharacterTests.swift,
				Screen/ChoosingEmoji/Tests/ChoosingEmojiTests.swift,
				Screen/ChoosingWeather/Tests/ChoosingWeatherTests.swift,
				Screen/Counsel/Tests/CounselingTests.swift,
				Screen/Guide/Tests/GuideTests.swift,
				Screen/HistoryDetail/Delete/Tests/HistoryDeleteTests.swift,
				Screen/HistoryDetail/Detail/Tests/HistoryDetailTests.swift,
				Screen/HistoryDetail/Menu/Tests/HistoryMenuTests.swift,
				Screen/HistoryList/Tests/HistoryTests.swift,
				Screen/Home/Tests/HomeTests.swift,
				Screen/Home/Tests/LocalNotificationPopUpFlowTests.swift,
				Screen/Home/Tests/ReviewPopUpFlowTests.swift,
				Screen/LocalNotification/Tests/LocalNotificationFlowTests.swift,
				Screen/Result/Tests/CounselResultTests.swift,
				Screen/Review/Tests/ReviewFlowTests.swift,
				Screen/StartCounsel/Tests/StartCounselTests.swift,
				Screen/Welcome/Tests/WelcomeTests.swift,
			);
			target = D9B412942DAD70C30011F09A /* GloomyDiaryTests */;
		};
/* End PBXFileSystemSynchronizedBuildFileExceptionSet section */

/* Begin PBXFileSystemSynchronizedRootGroup section */
		D943504A2D36A40800659380 /* Cache */ = {isa = PBXFileSystemSynchronizedRootGroup; explicitFileTypes = {}; explicitFolders = (); path = Cache; sourceTree = "<group>"; };
		D95A25812CF797520007A71A /* LocalNotification */ = {isa = PBXFileSystemSynchronizedRootGroup; explicitFileTypes = {}; explicitFolders = (); path = LocalNotification; sourceTree = "<group>"; };
		D95A43882D0F3F900007A71A /* Dependency */ = {isa = PBXFileSystemSynchronizedRootGroup; explicitFileTypes = {}; explicitFolders = (); path = Dependency; sourceTree = "<group>"; };
		D98B6F012D7FE08D0060D697 /* TestEnvironment */ = {isa = PBXFileSystemSynchronizedRootGroup; explicitFileTypes = {}; explicitFolders = (); path = TestEnvironment; sourceTree = "<group>"; };
		D9B412962DAD70C30011F09A /* GloomyDiaryTests */ = {isa = PBXFileSystemSynchronizedRootGroup; explicitFileTypes = {}; explicitFolders = (); path = GloomyDiaryTests; sourceTree = "<group>"; };
		D9D6A7552DBA35B30021BB97 /* Presentation */ = {isa = PBXFileSystemSynchronizedRootGroup; exceptions = (D9D6A8632DBA35B40021BB97 /* PBXFileSystemSynchronizedBuildFileExceptionSet */, D9D6A8642DBA35B40021BB97 /* PBXFileSystemSynchronizedBuildFileExceptionSet */, D9D6A8652DBA35B40021BB97 /* PBXFileSystemSynchronizedBuildFileExceptionSet */, ); explicitFileTypes = {}; explicitFolders = (); path = Presentation; sourceTree = "<group>"; };
/* End PBXFileSystemSynchronizedRootGroup section */

/* Begin PBXFrameworksBuildPhase section */
		D97421AB2C5ABE12002E47F9 /* Frameworks */ = {
			isa = PBXFrameworksBuildPhase;
			buildActionMask = 2147483647;
			files = (
				D9052DD72D5F9FE4006B7FEE /* ComposableArchitecture in Frameworks */,
				D9CF38422CF4D1EA00B1A92D /* AmplitudeSwift in Frameworks */,
				D9FCFFA12CB9A86600A53A14 /* OpenAI in Frameworks */,
				D97421E42C5BF879002E47F9 /* SnapKit in Frameworks */,
				D97421E72C5BF90A002E47F9 /* Lottie in Frameworks */,
				D9CF37982CF39C5500B1A92D /* FirebaseCrashlytics in Frameworks */,
				D9042A312D4EFA400093C838 /* CombineCocoa in Frameworks */,
				D9CF37962CF39C5500B1A92D /* FirebaseAnalytics in Frameworks */,
			);
			runOnlyForDeploymentPostprocessing = 0;
		};
		D9995B042D3AE2A8008E6F71 /* Frameworks */ = {
			isa = PBXFrameworksBuildPhase;
			buildActionMask = 2147483647;
			files = (
				D9995B072D3AE2A8008E6F71 /* AmplitudeSwift in Frameworks */,
				D9995B082D3AE2A8008E6F71 /* OpenAI in Frameworks */,
				D9995B092D3AE2A8008E6F71 /* SnapKit in Frameworks */,
				D9995B0A2D3AE2A8008E6F71 /* Lottie in Frameworks */,
				D9995B0C2D3AE2A8008E6F71 /* ComposableArchitecture in Frameworks */,
				D9995B0D2D3AE2A8008E6F71 /* FirebaseCrashlytics in Frameworks */,
				D9042A332D4EFA480093C838 /* CombineCocoa in Frameworks */,
				D9995B0F2D3AE2A8008E6F71 /* FirebaseAnalytics in Frameworks */,
			);
			runOnlyForDeploymentPostprocessing = 0;
		};
		D9B412922DAD70C30011F09A /* Frameworks */ = {
			isa = PBXFrameworksBuildPhase;
			buildActionMask = 2147483647;
			files = (
			);
			runOnlyForDeploymentPostprocessing = 0;
		};
/* End PBXFrameworksBuildPhase section */

/* Begin PBXGroup section */
		D91865C52D4EC2B700936684 /* TCA */ = {
			isa = PBXGroup;
			children = (
				D91865C62D4EC2C500936684 /* FeatureAction.swift */,
			);
			path = TCA;
			sourceTree = "<group>";
		};
		D92F498E2C7A029A00CD7D2A /* Model */ = {
			isa = PBXGroup;
			children = (
				D92F498F2C7A02BF00CD7D2A /* CounselingCharacter.swift */,
				D9BF60682CC73B4C001C9D2B /* Session.swift */,
				D95C182D2CCEAB1D00055C7C /* Weather.swift */,
				D95C183A2CCF7A4400055C7C /* Emoji.swift */,
				D973F4032D2EDD1D003F36E8 /* Helper */,
				D9D9E0C82C6BD82C0095792A /* Talking.swift */,
				D99BF17B2CBEC14E00465718 /* CounselingSession.swift */,
				D96B7BAC2D9D843E001EE1ED /* Query.swift */,
			);
			path = Model;
			sourceTree = "<group>";
		};
		D93548302C71E37F00E5EBF9 /* Lotties */ = {
			isa = PBXGroup;
			children = (
				D93569CC2DB0D31500C23237 /* pulsingCircle_light.json */,
				D99958532D3AD954008E6F71 /* pulsingCircle_dark.json */,
				D93569C62DB0D12200C23237 /* sparkles_dark.json */,
				D93569C92DB0D22500C23237 /* sparkles_light.json */,
				D93569D82DB18DEA00C23237 /* stars_light.json */,
				D9DB06292D2A79C90076B262 /* skeleton.json */,
				D999584F2D3AD65D008E6F71 /* stars_dark.json */,
			);
			path = Lotties;
			sourceTree = "<group>";
		};
		D935483B2C725BCD00E5EBF9 /* Animation */ = {
			isa = PBXGroup;
			children = (
				D935483C2C725BDA00E5EBF9 /* Animation.swift */,
				D9708BD32CADB9120081540E /* AnimationGroup.swift */,
			);
			path = Animation;
			sourceTree = "<group>";
		};
		D973F4032D2EDD1D003F36E8 /* Helper */ = {
			isa = PBXGroup;
			children = (
				D973F4042D2EDD27003F36E8 /* ArrayTransformer.swift */,
			);
			path = Helper;
			sourceTree = "<group>";
		};
		D97421A52C5ABE12002E47F9 = {
			isa = PBXGroup;
			children = (
				D97421B02C5ABE12002E47F9 /* GloomyDiary */,
				D97421C72C5ABE15002E47F9 /* GloomyDiaryTests */,
				D97421D12C5ABE15002E47F9 /* GloomyDiaryUITests */,
				D9B412962DAD70C30011F09A /* GloomyDiaryTests */,
				D97421AF2C5ABE12002E47F9 /* Products */,
				D97421E52C5BF90A002E47F9 /* Frameworks */,
			);
			sourceTree = "<group>";
		};
		D97421AF2C5ABE12002E47F9 /* Products */ = {
			isa = PBXGroup;
			children = (
				D97421AE2C5ABE12002E47F9 /* GloomyDiary.app */,
				D9995B1F2D3AE2A8008E6F71 /* GloomyDiaryExample.app */,
				D9B412952DAD70C30011F09A /* GloomyDiaryTests.xctest */,
			);
			name = Products;
			sourceTree = "<group>";
		};
		D97421B02C5ABE12002E47F9 /* GloomyDiary */ = {
			isa = PBXGroup;
			children = (
				D98B6F012D7FE08D0060D697 /* TestEnvironment */,
				D95A43882D0F3F900007A71A /* Dependency */,
				D9FCFFBE2CBAE4A900A53A14 /* Repository */,
				D92F498E2C7A029A00CD7D2A /* Model */,
				D9D9E02E2C5FF5290095792A /* Base */,
				D9D6A7552DBA35B30021BB97 /* Presentation */,
				D9D9E0152C5C1C3E0095792A /* Resources */,
				D97421B12C5ABE12002E47F9 /* AppDelegate.swift */,
				D97421B32C5ABE12002E47F9 /* SceneDelegate.swift */,
				D9CF31912CED096500B1A92D /* AppCoordinator.swift */,
				D97421BA2C5ABE14002E47F9 /* Assets.xcassets */,
				D97421BC2C5ABE14002E47F9 /* LaunchScreen.storyboard */,
				D97421BF2C5ABE14002E47F9 /* Info.plist */,
				D9FCFFA22CB9A99600A53A14 /* Keys.plist */,
				D9CF37922CF39BAC00B1A92D /* GoogleService-Info.plist */,
			);
			path = GloomyDiary;
			sourceTree = "<group>";
		};
		D97421C72C5ABE15002E47F9 /* GloomyDiaryTests */ = {
			isa = PBXGroup;
			children = (
				D94350B62D36A60000659380 /* CacheTests.swift */,
			);
			path = GloomyDiaryTests;
			sourceTree = "<group>";
		};
		D97421D12C5ABE15002E47F9 /* GloomyDiaryUITests */ = {
			isa = PBXGroup;
			children = (
				D97421D22C5ABE15002E47F9 /* GloomyDiaryUITests.swift */,
				D97421D42C5ABE15002E47F9 /* GloomyDiaryUITestsLaunchTests.swift */,
			);
			path = GloomyDiaryUITests;
			sourceTree = "<group>";
		};
		D97421E52C5BF90A002E47F9 /* Frameworks */ = {
			isa = PBXGroup;
			children = (
			);
			name = Frameworks;
			sourceTree = "<group>";
		};
		D9BF605F2CC6C574001C9D2B /* Environment */ = {
			isa = PBXGroup;
			children = (
				D9BF60602CC6C580001C9D2B /* AppEnvironment.swift */,
			);
			path = Environment;
			sourceTree = "<group>";
		};
		D9BF60A32CCCF9B4001C9D2B /* Protocol */ = {
			isa = PBXGroup;
			children = (
				D9BF60A82CCD7D1B001C9D2B /* CircularTabBarControllable.swift */,
				D9BF60AE2CCE3195001C9D2B /* Dismissable.swift */,
				D9BF60B02CCE31C8001C9D2B /* DismissedAppearable.swift */,
				D95C181E2CCE7E1C00055C7C /* Presentable.swift */,
				D95C18202CCE7E5A00055C7C /* PresentingDisappearable.swift */,
			);
			path = Protocol;
			sourceTree = "<group>";
		};
		D9D9E00D2C5C1C2E0095792A /* Color+Font */ = {
			isa = PBXGroup;
			children = (
				D9D9E00B2C5C1C2E0095792A /* Color.swift */,
				D9D9E00C2C5C1C2E0095792A /* Font.swift */,
				D93569BD2DB0C05200C23237 /* ImageAssets.swift */,
			);
			path = "Color+Font";
			sourceTree = "<group>";
		};
		D9D9E0112C5C1C340095792A /* Extensions */ = {
			isa = PBXGroup;
			children = (
				D9D9E0102C5C1C340095792A /* Extension+UIColor.swift */,
				D9DDE7452C8A2960004AE15C /* Extension+UIView.swift */,
				D9B07F3D2C8B5F430048B2D9 /* Extension+UIImage.swift */,
				D9B07F3F2C8B66320048B2D9 /* Extension+UIStackView.swift */,
				D9609F502CC0426B005E8F0C /* Extension+Date.swift */,
				D9BF60852CC932CE001C9D2B /* Extension+Reactive.swift */,
				D95C18242CCE98E000055C7C /* Extension+String.swift */,
				D95A41B02D08AFFA0007A71A /* Extension+CGFloat.swift */,
				D9998B8C2D3C319500FADEE2 /* Extension+Array.swift */,
			);
			path = Extensions;
			sourceTree = "<group>";
		};
		D9D9E0142C5C1C3E0095792A /* Fonts */ = {
			isa = PBXGroup;
			children = (
				D95A32DB2D00DCF50007A71A /* 온글잎 의연체.ttf */,
			);
			path = Fonts;
			sourceTree = "<group>";
		};
		D9D9E0152C5C1C3E0095792A /* Resources */ = {
			isa = PBXGroup;
			children = (
				D93548302C71E37F00E5EBF9 /* Lotties */,
				D9D9E0142C5C1C3E0095792A /* Fonts */,
			);
			path = Resources;
			sourceTree = "<group>";
		};
		D9D9E02E2C5FF5290095792A /* Base */ = {
			isa = PBXGroup;
			children = (
				D91865C52D4EC2B700936684 /* TCA */,
				D943504A2D36A40800659380 /* Cache */,
				D95A25812CF797520007A71A /* LocalNotification */,
				D9BF60A32CCCF9B4001C9D2B /* Protocol */,
				D9BF605F2CC6C574001C9D2B /* Environment */,
				D9FCFFC42CBC243400A53A14 /* Toast */,
				D935483B2C725BCD00E5EBF9 /* Animation */,
				D9D9E00D2C5C1C2E0095792A /* Color+Font */,
				D9D9E0112C5C1C340095792A /* Extensions */,
				D9D9E0C02C6B9E400095792A /* GradientView.swift */,
				D9D9E0682C6279E80095792A /* then.swift */,
				D9185F1B2D466C2300936684 /* BaseViewController.swift */,
				D95A29CC2CFCF08C0007A71A /* LocalError.swift */,
				D9356A2B2DB5622E00C23237 /* AppearanceMode.swift */,
			);
			path = Base;
			sourceTree = "<group>";
		};
		D9FCFFBE2CBAE4A900A53A14 /* Repository */ = {
			isa = PBXGroup;
			children = (
				D9FCFFC12CBC1A7E00A53A14 /* Counsel */,
			);
			path = Repository;
			sourceTree = "<group>";
		};
		D9FCFFC12CBC1A7E00A53A14 /* Counsel */ = {
			isa = PBXGroup;
			children = (
				D9FCFFBF2CBAE4BF00A53A14 /* CounselRepository.swift */,
				D9FCFFC22CBC1A9400A53A14 /* CounselRepositoryProtocol.swift */,
				D9BF60662CC6DC37001C9D2B /* CounselRepositoryKey.swift */,
			);
			path = Counsel;
			sourceTree = "<group>";
		};
		D9FCFFC42CBC243400A53A14 /* Toast */ = {
			isa = PBXGroup;
			children = (
				D9FCFFC52CBC244900A53A14 /* Toast.swift */,
			);
			path = Toast;
			sourceTree = "<group>";
		};
/* End PBXGroup section */

/* Begin PBXNativeTarget section */
		D97421AD2C5ABE12002E47F9 /* GloomyDiary */ = {
			isa = PBXNativeTarget;
			buildConfigurationList = D97421D82C5ABE15002E47F9 /* Build configuration list for PBXNativeTarget "GloomyDiary" */;
			buildPhases = (
				D97421AA2C5ABE12002E47F9 /* Sources */,
				D97421AB2C5ABE12002E47F9 /* Frameworks */,
				D97421AC2C5ABE12002E47F9 /* Resources */,
				D9CF37992CF39D5600B1A92D /* Google Crashlytics */,
			);
			buildRules = (
			);
			dependencies = (
			);
			fileSystemSynchronizedGroups = (
				D943504A2D36A40800659380 /* Cache */,
				D95A25812CF797520007A71A /* LocalNotification */,
				D95A43882D0F3F900007A71A /* Dependency */,
				D98B6F012D7FE08D0060D697 /* TestEnvironment */,
				D9D6A7552DBA35B30021BB97 /* Presentation */,
			);
			name = GloomyDiary;
			packageProductDependencies = (
				D97421E32C5BF879002E47F9 /* SnapKit */,
				D97421E62C5BF90A002E47F9 /* Lottie */,
				D9FCFFA02CB9A86600A53A14 /* OpenAI */,
				D9CF37952CF39C5500B1A92D /* FirebaseAnalytics */,
				D9CF37972CF39C5500B1A92D /* FirebaseCrashlytics */,
				D9CF38412CF4D1EA00B1A92D /* AmplitudeSwift */,
				D9042A302D4EFA400093C838 /* CombineCocoa */,
				D9052DD62D5F9FE4006B7FEE /* ComposableArchitecture */,
			);
			productName = GloomyDiary;
			productReference = D97421AE2C5ABE12002E47F9 /* GloomyDiary.app */;
			productType = "com.apple.product-type.application";
		};
		D9995A762D3AE2A8008E6F71 /* GloomyDiaryExample */ = {
			isa = PBXNativeTarget;
			buildConfigurationList = D9995B1B2D3AE2A8008E6F71 /* Build configuration list for PBXNativeTarget "GloomyDiaryExample" */;
			buildPhases = (
				D9995A8A2D3AE2A8008E6F71 /* Sources */,
				D9995B042D3AE2A8008E6F71 /* Frameworks */,
				D9995B102D3AE2A8008E6F71 /* Resources */,
				D9995B1A2D3AE2A8008E6F71 /* Google Crashlytics */,
			);
			buildRules = (
			);
			dependencies = (
			);
			fileSystemSynchronizedGroups = (
				D943504A2D36A40800659380 /* Cache */,
				D95A25812CF797520007A71A /* LocalNotification */,
				D95A43882D0F3F900007A71A /* Dependency */,
				D98B6F012D7FE08D0060D697 /* TestEnvironment */,
				D9D6A7552DBA35B30021BB97 /* Presentation */,
			);
			name = GloomyDiaryExample;
			packageProductDependencies = (
				D9995A772D3AE2A8008E6F71 /* SnapKit */,
				D9995A792D3AE2A8008E6F71 /* Lottie */,
				D9995A7B2D3AE2A8008E6F71 /* ComposableArchitecture */,
				D9995A832D3AE2A8008E6F71 /* OpenAI */,
				D9995A852D3AE2A8008E6F71 /* FirebaseAnalytics */,
				D9995A872D3AE2A8008E6F71 /* FirebaseCrashlytics */,
				D9995A882D3AE2A8008E6F71 /* AmplitudeSwift */,
				D9042A322D4EFA480093C838 /* CombineCocoa */,
			);
			productName = GloomyDiary;
			productReference = D9995B1F2D3AE2A8008E6F71 /* GloomyDiaryExample.app */;
			productType = "com.apple.product-type.application";
		};
		D9B412942DAD70C30011F09A /* GloomyDiaryTests */ = {
			isa = PBXNativeTarget;
			buildConfigurationList = D9B4129B2DAD70C30011F09A /* Build configuration list for PBXNativeTarget "GloomyDiaryTests" */;
			buildPhases = (
				D9B412912DAD70C30011F09A /* Sources */,
				D9B412922DAD70C30011F09A /* Frameworks */,
				D9B412932DAD70C30011F09A /* Resources */,
			);
			buildRules = (
			);
			dependencies = (
				D9B4129A2DAD70C30011F09A /* PBXTargetDependency */,
			);
			fileSystemSynchronizedGroups = (
				D9B412962DAD70C30011F09A /* GloomyDiaryTests */,
			);
			name = GloomyDiaryTests;
			packageProductDependencies = (
			);
			productName = GloomyDiaryTests;
			productReference = D9B412952DAD70C30011F09A /* GloomyDiaryTests.xctest */;
			productType = "com.apple.product-type.bundle.unit-test";
		};
/* End PBXNativeTarget section */

/* Begin PBXProject section */
		D97421A62C5ABE12002E47F9 /* Project object */ = {
			isa = PBXProject;
			attributes = {
				BuildIndependentTargetsInParallel = 1;
				LastSwiftUpdateCheck = 1620;
				LastUpgradeCheck = 1540;
				TargetAttributes = {
					D97421AD2C5ABE12002E47F9 = {
						CreatedOnToolsVersion = 15.4;
					};
					D9B412942DAD70C30011F09A = {
						CreatedOnToolsVersion = 16.2;
						TestTargetID = D9995A762D3AE2A8008E6F71;
					};
				};
			};
			buildConfigurationList = D97421A92C5ABE12002E47F9 /* Build configuration list for PBXProject "GloomyDiary" */;
			compatibilityVersion = "Xcode 14.0";
			developmentRegion = ko;
			hasScannedForEncodings = 0;
			knownRegions = (
				Base,
				ko,
			);
			mainGroup = D97421A52C5ABE12002E47F9;
			packageReferences = (
				D97421E12C5BF760002E47F9 /* XCRemoteSwiftPackageReference "lottie-ios" */,
				D97421E22C5BF879002E47F9 /* XCRemoteSwiftPackageReference "SnapKit" */,
				D9FCFF9F2CB9A86600A53A14 /* XCRemoteSwiftPackageReference "OpenAI" */,
				D9CF37942CF39C5500B1A92D /* XCRemoteSwiftPackageReference "firebase-ios-sdk" */,
				D9CF38402CF4D1EA00B1A92D /* XCRemoteSwiftPackageReference "Amplitude-Swift" */,
				D9042A2F2D4EF8450093C838 /* XCRemoteSwiftPackageReference "CombineCocoa" */,
				D9052DD52D5F9FE4006B7FEE /* XCRemoteSwiftPackageReference "swift-composable-architecture-fix-navigation-delegate" */,
			);
			productRefGroup = D97421AF2C5ABE12002E47F9 /* Products */;
			projectDirPath = "";
			projectRoot = "";
			targets = (
				D97421AD2C5ABE12002E47F9 /* GloomyDiary */,
				D9995A762D3AE2A8008E6F71 /* GloomyDiaryExample */,
				D9B412942DAD70C30011F09A /* GloomyDiaryTests */,
			);
		};
/* End PBXProject section */

/* Begin PBXResourcesBuildPhase section */
		D97421AC2C5ABE12002E47F9 /* Resources */ = {
			isa = PBXResourcesBuildPhase;
			buildActionMask = 2147483647;
			files = (
				D99959C12D3AE254008E6F71 /* Keys.plist in Resources */,
				D99959C22D3AE254008E6F71 /* GoogleService-Info.plist in Resources */,
				D93569CE2DB0D31500C23237 /* pulsingCircle_light.json in Resources */,
				D93569D92DB18DEA00C23237 /* stars_light.json in Resources */,
				D93569C82DB0D12200C23237 /* sparkles_dark.json in Resources */,
				D97421BB2C5ABE14002E47F9 /* Assets.xcassets in Resources */,
				D95A32DC2D00DCF50007A71A /* 온글잎 의연체.ttf in Resources */,
				D93569CA2DB0D22500C23237 /* sparkles_light.json in Resources */,
				D97421BE2C5ABE14002E47F9 /* Base in Resources */,
				D9DB062A2D2A79C90076B262 /* skeleton.json in Resources */,
				D99958542D3AD954008E6F71 /* pulsingCircle_dark.json in Resources */,
				D99958502D3AD65D008E6F71 /* stars_dark.json in Resources */,
			);
			runOnlyForDeploymentPostprocessing = 0;
		};
		D9995B102D3AE2A8008E6F71 /* Resources */ = {
			isa = PBXResourcesBuildPhase;
			buildActionMask = 2147483647;
			files = (
				D9995B132D3AE2A8008E6F71 /* Assets.xcassets in Resources */,
				D9995B142D3AE2A8008E6F71 /* 온글잎 의연체.ttf in Resources */,
				D93569CD2DB0D31500C23237 /* pulsingCircle_light.json in Resources */,
				D93569DA2DB18DEA00C23237 /* stars_light.json in Resources */,
				D9995B152D3AE2A8008E6F71 /* Base in Resources */,
				D93569CB2DB0D22500C23237 /* sparkles_light.json in Resources */,
				D9995B172D3AE2A8008E6F71 /* skeleton.json in Resources */,
				D93569C72DB0D12200C23237 /* sparkles_dark.json in Resources */,
				D9995B182D3AE2A8008E6F71 /* pulsingCircle_dark.json in Resources */,
				D9995B192D3AE2A8008E6F71 /* stars_dark.json in Resources */,
			);
			runOnlyForDeploymentPostprocessing = 0;
		};
		D9B412932DAD70C30011F09A /* Resources */ = {
			isa = PBXResourcesBuildPhase;
			buildActionMask = 2147483647;
			files = (
			);
			runOnlyForDeploymentPostprocessing = 0;
		};
/* End PBXResourcesBuildPhase section */

/* Begin PBXShellScriptBuildPhase section */
		D9995B1A2D3AE2A8008E6F71 /* Google Crashlytics */ = {
			isa = PBXShellScriptBuildPhase;
			buildActionMask = 2147483647;
			files = (
			);
			inputFileListPaths = (
			);
			inputPaths = (
				"${DWARF_DSYM_FOLDER_PATH}/${DWARF_DSYM_FILE_NAME}",
				"${DWARF_DSYM_FOLDER_PATH}/${DWARF_DSYM_FILE_NAME}/Contents/Resources/DWARF/${PRODUCT_NAME}",
				"${DWARF_DSYM_FOLDER_PATH}/${DWARF_DSYM_FILE_NAME}/Contents/Info.plist",
				"$(TARGET_BUILD_DIR)/$(UNLOCALIZED_RESOURCES_FOLDER_PATH)/GoogleService-Info.plist",
				"$(TARGET_BUILD_DIR)/$(EXECUTABLE_PATH)",
			);
			name = "Google Crashlytics";
			outputFileListPaths = (
			);
			outputPaths = (
			);
			runOnlyForDeploymentPostprocessing = 0;
			shellPath = /bin/sh;
			shellScript = "if [ \"$CONFIGURATION\" == \"Release\" ]; then\n  \"${BUILD_DIR%/Build/*}/SourcePackages/checkouts/firebase-ios-sdk/Crashlytics/run\"\nelse\n  echo \"Skipping Crashlytics in Debug mode\"\nfi\n";
		};
		D9CF37992CF39D5600B1A92D /* Google Crashlytics */ = {
			isa = PBXShellScriptBuildPhase;
			buildActionMask = 2147483647;
			files = (
			);
			inputFileListPaths = (
			);
			inputPaths = (
				"${DWARF_DSYM_FOLDER_PATH}/${DWARF_DSYM_FILE_NAME}",
				"${DWARF_DSYM_FOLDER_PATH}/${DWARF_DSYM_FILE_NAME}/Contents/Resources/DWARF/${PRODUCT_NAME}",
				"${DWARF_DSYM_FOLDER_PATH}/${DWARF_DSYM_FILE_NAME}/Contents/Info.plist",
				"$(TARGET_BUILD_DIR)/$(UNLOCALIZED_RESOURCES_FOLDER_PATH)/GoogleService-Info.plist",
				"$(TARGET_BUILD_DIR)/$(EXECUTABLE_PATH)",
			);
			name = "Google Crashlytics";
			outputFileListPaths = (
			);
			outputPaths = (
			);
			runOnlyForDeploymentPostprocessing = 0;
			shellPath = /bin/sh;
			shellScript = "if [ \"$CONFIGURATION\" == \"Release\" ]; then\n  \"${BUILD_DIR%/Build/*}/SourcePackages/checkouts/firebase-ios-sdk/Crashlytics/run\"\nelse\n  echo \"Skipping Crashlytics in Debug mode\"\nfi\n";
		};
/* End PBXShellScriptBuildPhase section */

/* Begin PBXSourcesBuildPhase section */
		D97421AA2C5ABE12002E47F9 /* Sources */ = {
			isa = PBXSourcesBuildPhase;
			buildActionMask = 2147483647;
			files = (
				D92F49902C7A02BF00CD7D2A /* CounselingCharacter.swift in Sources */,
				D9FCFFC02CBAE4BF00A53A14 /* CounselRepository.swift in Sources */,
				D91865C82D4EC2C500936684 /* FeatureAction.swift in Sources */,
				D9DDE7462C8A2960004AE15C /* Extension+UIView.swift in Sources */,
				D96B7BAE2D9D843E001EE1ED /* Query.swift in Sources */,
				D95C181F2CCE7E1C00055C7C /* Presentable.swift in Sources */,
				D95C18212CCE7E5A00055C7C /* PresentingDisappearable.swift in Sources */,
				D9609F512CC0426B005E8F0C /* Extension+Date.swift in Sources */,
				D9D9E0C12C6B9E400095792A /* GradientView.swift in Sources */,
				D95A29CD2CFCF08C0007A71A /* LocalError.swift in Sources */,
				D99BF17C2CBEC14E00465718 /* CounselingSession.swift in Sources */,
				D9BF60692CC73B4C001C9D2B /* Session.swift in Sources */,
				D9FCFFC32CBC1A9400A53A14 /* CounselRepositoryProtocol.swift in Sources */,
				D9998B8D2D3C319500FADEE2 /* Extension+Array.swift in Sources */,
				D95C183B2CCF7A4400055C7C /* Emoji.swift in Sources */,
				D9BF60862CC932CE001C9D2B /* Extension+Reactive.swift in Sources */,
				D95C182E2CCEAB1D00055C7C /* Weather.swift in Sources */,
				D9B07F402C8B66320048B2D9 /* Extension+UIStackView.swift in Sources */,
				D9D9E00E2C5C1C2E0095792A /* Color.swift in Sources */,
				D9FCFFC62CBC244900A53A14 /* Toast.swift in Sources */,
				D95A41B12D08AFFA0007A71A /* Extension+CGFloat.swift in Sources */,
				D9708BD42CADB9120081540E /* AnimationGroup.swift in Sources */,
				D9CF31922CED096500B1A92D /* AppCoordinator.swift in Sources */,
				D9D9E00F2C5C1C2E0095792A /* Font.swift in Sources */,
				D9BF60AF2CCE3195001C9D2B /* Dismissable.swift in Sources */,
				D9D9E0C92C6BD82C0095792A /* Talking.swift in Sources */,
				D935483D2C725BDA00E5EBF9 /* Animation.swift in Sources */,
				D9D9E0122C5C1C340095792A /* Extension+UIColor.swift in Sources */,
				D93569BE2DB0C05200C23237 /* ImageAssets.swift in Sources */,
				D9B07F3E2C8B5F430048B2D9 /* Extension+UIImage.swift in Sources */,
				D9D9E0692C6279E80095792A /* then.swift in Sources */,
				D9185F1D2D466C2300936684 /* BaseViewController.swift in Sources */,
				D9356A2D2DB5622E00C23237 /* AppearanceMode.swift in Sources */,
				D95C18252CCE98E000055C7C /* Extension+String.swift in Sources */,
				D9BF60B12CCE31C8001C9D2B /* DismissedAppearable.swift in Sources */,
				D9BF60672CC6DC37001C9D2B /* CounselRepositoryKey.swift in Sources */,
				D9BF60612CC6C580001C9D2B /* AppEnvironment.swift in Sources */,
				D97421B22C5ABE12002E47F9 /* AppDelegate.swift in Sources */,
				D973F4052D2EDD27003F36E8 /* ArrayTransformer.swift in Sources */,
				D97421B42C5ABE12002E47F9 /* SceneDelegate.swift in Sources */,
				D9BF60A92CCD7D1B001C9D2B /* CircularTabBarControllable.swift in Sources */,
			);
			runOnlyForDeploymentPostprocessing = 0;
		};
		D9995A8A2D3AE2A8008E6F71 /* Sources */ = {
			isa = PBXSourcesBuildPhase;
			buildActionMask = 2147483647;
			files = (
				D9995A902D3AE2A8008E6F71 /* CounselingCharacter.swift in Sources */,
				D9995A912D3AE2A8008E6F71 /* CounselRepository.swift in Sources */,
				D91865C72D4EC2C500936684 /* FeatureAction.swift in Sources */,
				D9995A922D3AE2A8008E6F71 /* Extension+UIView.swift in Sources */,
				D96B7BAD2D9D843E001EE1ED /* Query.swift in Sources */,
				D9995A932D3AE2A8008E6F71 /* Presentable.swift in Sources */,
				D9995A962D3AE2A8008E6F71 /* PresentingDisappearable.swift in Sources */,
				D9995A982D3AE2A8008E6F71 /* Extension+Date.swift in Sources */,
				D9995A992D3AE2A8008E6F71 /* GradientView.swift in Sources */,
				D9995A9B2D3AE2A8008E6F71 /* LocalError.swift in Sources */,
				D9995A9C2D3AE2A8008E6F71 /* CounselingSession.swift in Sources */,
				D9995A9D2D3AE2A8008E6F71 /* Session.swift in Sources */,
				D9995A9F2D3AE2A8008E6F71 /* CounselRepositoryProtocol.swift in Sources */,
				D9998B8E2D3C319500FADEE2 /* Extension+Array.swift in Sources */,
				D9995AA62D3AE2A8008E6F71 /* Emoji.swift in Sources */,
				D9995AAA2D3AE2A8008E6F71 /* Extension+Reactive.swift in Sources */,
				D9995AAD2D3AE2A8008E6F71 /* Weather.swift in Sources */,
				D9995AB42D3AE2A8008E6F71 /* Extension+UIStackView.swift in Sources */,
				D9995AB82D3AE2A8008E6F71 /* Color.swift in Sources */,
				D9995ABF2D3AE2A8008E6F71 /* Toast.swift in Sources */,
				D9995AC12D3AE2A8008E6F71 /* Extension+CGFloat.swift in Sources */,
				D9995AC22D3AE2A8008E6F71 /* AnimationGroup.swift in Sources */,
				D9995AC32D3AE2A8008E6F71 /* AppCoordinator.swift in Sources */,
				D9995AC52D3AE2A8008E6F71 /* Font.swift in Sources */,
				D9995ACB2D3AE2A8008E6F71 /* Dismissable.swift in Sources */,
				D9995AD02D3AE2A8008E6F71 /* Talking.swift in Sources */,
				D9995AD72D3AE2A8008E6F71 /* Animation.swift in Sources */,
				D9995ADD2D3AE2A8008E6F71 /* Extension+UIColor.swift in Sources */,
				D93569BF2DB0C05200C23237 /* ImageAssets.swift in Sources */,
				D9995AE42D3AE2A8008E6F71 /* Extension+UIImage.swift in Sources */,
				D9995AEA2D3AE2A8008E6F71 /* then.swift in Sources */,
				D9185F1C2D466C2300936684 /* BaseViewController.swift in Sources */,
				D9356A2C2DB5622E00C23237 /* AppearanceMode.swift in Sources */,
				D9995AF12D3AE2A8008E6F71 /* Extension+String.swift in Sources */,
				D9995AF52D3AE2A8008E6F71 /* DismissedAppearable.swift in Sources */,
				D9995AF82D3AE2A8008E6F71 /* CounselRepositoryKey.swift in Sources */,
				D9995AF92D3AE2A8008E6F71 /* AppEnvironment.swift in Sources */,
				D9995AFA2D3AE2A8008E6F71 /* AppDelegate.swift in Sources */,
				D9995AFB2D3AE2A8008E6F71 /* ArrayTransformer.swift in Sources */,
				D9995AFD2D3AE2A8008E6F71 /* SceneDelegate.swift in Sources */,
				D9995B002D3AE2A8008E6F71 /* CircularTabBarControllable.swift in Sources */,
			);
			runOnlyForDeploymentPostprocessing = 0;
		};
		D9B412912DAD70C30011F09A /* Sources */ = {
			isa = PBXSourcesBuildPhase;
			buildActionMask = 2147483647;
			files = (
			);
			runOnlyForDeploymentPostprocessing = 0;
		};
/* End PBXSourcesBuildPhase section */

/* Begin PBXTargetDependency section */
		D9B4129A2DAD70C30011F09A /* PBXTargetDependency */ = {
			isa = PBXTargetDependency;
			target = D9995A762D3AE2A8008E6F71 /* GloomyDiaryExample */;
			targetProxy = D9B412992DAD70C30011F09A /* PBXContainerItemProxy */;
		};
/* End PBXTargetDependency section */

/* Begin PBXVariantGroup section */
		D97421BC2C5ABE14002E47F9 /* LaunchScreen.storyboard */ = {
			isa = PBXVariantGroup;
			children = (
				D97421BD2C5ABE14002E47F9 /* Base */,
				D95A41D12D09CED80007A71A /* ko */,
			);
			name = LaunchScreen.storyboard;
			sourceTree = "<group>";
		};
/* End PBXVariantGroup section */

/* Begin XCBuildConfiguration section */
		D97421D62C5ABE15002E47F9 /* Debug */ = {
			isa = XCBuildConfiguration;
			buildSettings = {
				ALWAYS_SEARCH_USER_PATHS = NO;
				ASSETCATALOG_COMPILER_GENERATE_SWIFT_ASSET_SYMBOL_EXTENSIONS = YES;
				CLANG_ANALYZER_LOCALIZABILITY_NONLOCALIZED = YES;
				CLANG_ANALYZER_NONNULL = YES;
				CLANG_ANALYZER_NUMBER_OBJECT_CONVERSION = YES_AGGRESSIVE;
				CLANG_CXX_LANGUAGE_STANDARD = "gnu++20";
				CLANG_ENABLE_MODULES = YES;
				CLANG_ENABLE_OBJC_ARC = YES;
				CLANG_ENABLE_OBJC_WEAK = YES;
				CLANG_WARN_BLOCK_CAPTURE_AUTORELEASING = YES;
				CLANG_WARN_BOOL_CONVERSION = YES;
				CLANG_WARN_COMMA = YES;
				CLANG_WARN_CONSTANT_CONVERSION = YES;
				CLANG_WARN_DEPRECATED_OBJC_IMPLEMENTATIONS = YES;
				CLANG_WARN_DIRECT_OBJC_ISA_USAGE = YES_ERROR;
				CLANG_WARN_DOCUMENTATION_COMMENTS = YES;
				CLANG_WARN_EMPTY_BODY = YES;
				CLANG_WARN_ENUM_CONVERSION = YES;
				CLANG_WARN_INFINITE_RECURSION = YES;
				CLANG_WARN_INT_CONVERSION = YES;
				CLANG_WARN_NON_LITERAL_NULL_CONVERSION = YES;
				CLANG_WARN_OBJC_IMPLICIT_RETAIN_SELF = YES;
				CLANG_WARN_OBJC_LITERAL_CONVERSION = YES;
				CLANG_WARN_OBJC_ROOT_CLASS = YES_ERROR;
				CLANG_WARN_QUOTED_INCLUDE_IN_FRAMEWORK_HEADER = YES;
				CLANG_WARN_RANGE_LOOP_ANALYSIS = YES;
				CLANG_WARN_STRICT_PROTOTYPES = YES;
				CLANG_WARN_SUSPICIOUS_MOVE = YES;
				CLANG_WARN_UNGUARDED_AVAILABILITY = YES_AGGRESSIVE;
				CLANG_WARN_UNREACHABLE_CODE = YES;
				CLANG_WARN__DUPLICATE_METHOD_MATCH = YES;
				COPY_PHASE_STRIP = NO;
				DEBUG_INFORMATION_FORMAT = "dwarf-with-dsym";
				ENABLE_STRICT_OBJC_MSGSEND = YES;
				ENABLE_TESTABILITY = YES;
				ENABLE_USER_SCRIPT_SANDBOXING = YES;
				GCC_C_LANGUAGE_STANDARD = gnu17;
				GCC_DYNAMIC_NO_PIC = NO;
				GCC_NO_COMMON_BLOCKS = YES;
				GCC_OPTIMIZATION_LEVEL = 0;
				GCC_PREPROCESSOR_DEFINITIONS = (
					"DEBUG=1",
					"$(inherited)",
				);
				GCC_WARN_64_TO_32_BIT_CONVERSION = YES;
				GCC_WARN_ABOUT_RETURN_TYPE = YES_ERROR;
				GCC_WARN_UNDECLARED_SELECTOR = YES;
				GCC_WARN_UNINITIALIZED_AUTOS = YES_AGGRESSIVE;
				GCC_WARN_UNUSED_FUNCTION = YES;
				GCC_WARN_UNUSED_VARIABLE = YES;
				IPHONEOS_DEPLOYMENT_TARGET = 18.0;
				LOCALIZATION_PREFERS_STRING_CATALOGS = YES;
				MTL_ENABLE_DEBUG_INFO = INCLUDE_SOURCE;
				MTL_FAST_MATH = YES;
				ONLY_ACTIVE_ARCH = YES;
				OTHER_SWIFT_FLAGS = "";
				SDKROOT = iphoneos;
				SWIFT_ACTIVE_COMPILATION_CONDITIONS = "DEBUG $(inherited)";
				SWIFT_OPTIMIZATION_LEVEL = "-Onone";
				SWIFT_STRICT_CONCURRENCY = "";
				SWIFT_VERSION = 5.0;
			};
			name = Debug;
		};
		D97421D72C5ABE15002E47F9 /* Release */ = {
			isa = XCBuildConfiguration;
			buildSettings = {
				ALWAYS_SEARCH_USER_PATHS = NO;
				ASSETCATALOG_COMPILER_GENERATE_SWIFT_ASSET_SYMBOL_EXTENSIONS = YES;
				CLANG_ANALYZER_LOCALIZABILITY_NONLOCALIZED = YES;
				CLANG_ANALYZER_NONNULL = YES;
				CLANG_ANALYZER_NUMBER_OBJECT_CONVERSION = YES_AGGRESSIVE;
				CLANG_CXX_LANGUAGE_STANDARD = "gnu++20";
				CLANG_ENABLE_MODULES = YES;
				CLANG_ENABLE_OBJC_ARC = YES;
				CLANG_ENABLE_OBJC_WEAK = YES;
				CLANG_WARN_BLOCK_CAPTURE_AUTORELEASING = YES;
				CLANG_WARN_BOOL_CONVERSION = YES;
				CLANG_WARN_COMMA = YES;
				CLANG_WARN_CONSTANT_CONVERSION = YES;
				CLANG_WARN_DEPRECATED_OBJC_IMPLEMENTATIONS = YES;
				CLANG_WARN_DIRECT_OBJC_ISA_USAGE = YES_ERROR;
				CLANG_WARN_DOCUMENTATION_COMMENTS = YES;
				CLANG_WARN_EMPTY_BODY = YES;
				CLANG_WARN_ENUM_CONVERSION = YES;
				CLANG_WARN_INFINITE_RECURSION = YES;
				CLANG_WARN_INT_CONVERSION = YES;
				CLANG_WARN_NON_LITERAL_NULL_CONVERSION = YES;
				CLANG_WARN_OBJC_IMPLICIT_RETAIN_SELF = YES;
				CLANG_WARN_OBJC_LITERAL_CONVERSION = YES;
				CLANG_WARN_OBJC_ROOT_CLASS = YES_ERROR;
				CLANG_WARN_QUOTED_INCLUDE_IN_FRAMEWORK_HEADER = YES;
				CLANG_WARN_RANGE_LOOP_ANALYSIS = YES;
				CLANG_WARN_STRICT_PROTOTYPES = YES;
				CLANG_WARN_SUSPICIOUS_MOVE = YES;
				CLANG_WARN_UNGUARDED_AVAILABILITY = YES_AGGRESSIVE;
				CLANG_WARN_UNREACHABLE_CODE = YES;
				CLANG_WARN__DUPLICATE_METHOD_MATCH = YES;
				COPY_PHASE_STRIP = NO;
				DEBUG_INFORMATION_FORMAT = "dwarf-with-dsym";
				ENABLE_NS_ASSERTIONS = NO;
				ENABLE_STRICT_OBJC_MSGSEND = YES;
				ENABLE_USER_SCRIPT_SANDBOXING = YES;
				GCC_C_LANGUAGE_STANDARD = gnu17;
				GCC_NO_COMMON_BLOCKS = YES;
				GCC_WARN_64_TO_32_BIT_CONVERSION = YES;
				GCC_WARN_ABOUT_RETURN_TYPE = YES_ERROR;
				GCC_WARN_UNDECLARED_SELECTOR = YES;
				GCC_WARN_UNINITIALIZED_AUTOS = YES_AGGRESSIVE;
				GCC_WARN_UNUSED_FUNCTION = YES;
				GCC_WARN_UNUSED_VARIABLE = YES;
				IPHONEOS_DEPLOYMENT_TARGET = 18.0;
				LOCALIZATION_PREFERS_STRING_CATALOGS = YES;
				MTL_ENABLE_DEBUG_INFO = NO;
				MTL_FAST_MATH = YES;
				OTHER_SWIFT_FLAGS = "";
				SDKROOT = iphoneos;
				SWIFT_COMPILATION_MODE = wholemodule;
				SWIFT_STRICT_CONCURRENCY = "";
				SWIFT_VERSION = 5.0;
				VALIDATE_PRODUCT = YES;
			};
			name = Release;
		};
		D97421D92C5ABE15002E47F9 /* Debug */ = {
			isa = XCBuildConfiguration;
			buildSettings = {
				ASSETCATALOG_COMPILER_ALTERNATE_APPICON_NAMES = "DarkAppIcon LightAppIcon";
				ASSETCATALOG_COMPILER_APPICON_NAME = AppIcon;
				ASSETCATALOG_COMPILER_GLOBAL_ACCENT_COLOR_NAME = AccentColor;
				CODE_SIGN_STYLE = Automatic;
				CURRENT_PROJECT_VERSION = 1;
				DEBUG_INFORMATION_FORMAT = "dwarf-with-dsym";
				DEVELOPMENT_TEAM = ZT2M7655AF;
				GENERATE_INFOPLIST_FILE = YES;
				INFOPLIST_FILE = GloomyDiary/Info.plist;
				INFOPLIST_KEY_CFBundleDisplayName = "울다";
				INFOPLIST_KEY_UIApplicationSupportsIndirectInputEvents = YES;
				INFOPLIST_KEY_UILaunchStoryboardName = LaunchScreen;
				INFOPLIST_KEY_UISupportedInterfaceOrientations = UIInterfaceOrientationPortrait;
				IPHONEOS_DEPLOYMENT_TARGET = 17.0;
				LD_RUNPATH_SEARCH_PATHS = (
					"$(inherited)",
					"@executable_path/Frameworks",
				);
				MARKETING_VERSION = 1.2.0;
				OTHER_LDFLAGS = "-ObjC";
				OTHER_SWIFT_FLAGS = "";
				PRODUCT_BUNDLE_IDENTIFIER = com.terranav.gloomydiary;
				PRODUCT_NAME = "$(TARGET_NAME)";
				SUPPORTED_PLATFORMS = "iphoneos iphonesimulator";
				SUPPORTS_MACCATALYST = NO;
				SUPPORTS_MAC_DESIGNED_FOR_IPHONE_IPAD = NO;
				SUPPORTS_XR_DESIGNED_FOR_IPHONE_IPAD = NO;
				SWIFT_EMIT_LOC_STRINGS = YES;
				SWIFT_STRICT_CONCURRENCY = "";
				SWIFT_VERSION = 5.0;
				TARGETED_DEVICE_FAMILY = 1;
			};
			name = Debug;
		};
		D97421DA2C5ABE15002E47F9 /* Release */ = {
			isa = XCBuildConfiguration;
			buildSettings = {
				ASSETCATALOG_COMPILER_ALTERNATE_APPICON_NAMES = "DarkAppIcon LightAppIcon";
				ASSETCATALOG_COMPILER_APPICON_NAME = AppIcon;
				ASSETCATALOG_COMPILER_GLOBAL_ACCENT_COLOR_NAME = AccentColor;
				CODE_SIGN_STYLE = Automatic;
				CURRENT_PROJECT_VERSION = 1;
				DEVELOPMENT_TEAM = ZT2M7655AF;
				GENERATE_INFOPLIST_FILE = YES;
				INFOPLIST_FILE = GloomyDiary/Info.plist;
				INFOPLIST_KEY_CFBundleDisplayName = "울다";
				INFOPLIST_KEY_UIApplicationSupportsIndirectInputEvents = YES;
				INFOPLIST_KEY_UILaunchStoryboardName = LaunchScreen;
				INFOPLIST_KEY_UISupportedInterfaceOrientations = UIInterfaceOrientationPortrait;
				IPHONEOS_DEPLOYMENT_TARGET = 17.0;
				LD_RUNPATH_SEARCH_PATHS = (
					"$(inherited)",
					"@executable_path/Frameworks",
				);
				MARKETING_VERSION = 1.2.0;
				OTHER_LDFLAGS = "-ObjC";
				OTHER_SWIFT_FLAGS = "";
				PRODUCT_BUNDLE_IDENTIFIER = com.terranav.gloomydiary;
				PRODUCT_NAME = "$(TARGET_NAME)";
				SUPPORTED_PLATFORMS = "iphoneos iphonesimulator";
				SUPPORTS_MACCATALYST = NO;
				SUPPORTS_MAC_DESIGNED_FOR_IPHONE_IPAD = NO;
				SUPPORTS_XR_DESIGNED_FOR_IPHONE_IPAD = NO;
				SWIFT_EMIT_LOC_STRINGS = YES;
				SWIFT_STRICT_CONCURRENCY = "";
				SWIFT_VERSION = 5.0;
				TARGETED_DEVICE_FAMILY = 1;
			};
			name = Release;
		};
		D99958552D3ADEC0008E6F71 /* ScrollTest */ = {
			isa = XCBuildConfiguration;
			buildSettings = {
				ALWAYS_SEARCH_USER_PATHS = NO;
				ASSETCATALOG_COMPILER_GENERATE_SWIFT_ASSET_SYMBOL_EXTENSIONS = YES;
				CLANG_ANALYZER_LOCALIZABILITY_NONLOCALIZED = YES;
				CLANG_ANALYZER_NONNULL = YES;
				CLANG_ANALYZER_NUMBER_OBJECT_CONVERSION = YES_AGGRESSIVE;
				CLANG_CXX_LANGUAGE_STANDARD = "gnu++20";
				CLANG_ENABLE_MODULES = YES;
				CLANG_ENABLE_OBJC_ARC = YES;
				CLANG_ENABLE_OBJC_WEAK = YES;
				CLANG_WARN_BLOCK_CAPTURE_AUTORELEASING = YES;
				CLANG_WARN_BOOL_CONVERSION = YES;
				CLANG_WARN_COMMA = YES;
				CLANG_WARN_CONSTANT_CONVERSION = YES;
				CLANG_WARN_DEPRECATED_OBJC_IMPLEMENTATIONS = YES;
				CLANG_WARN_DIRECT_OBJC_ISA_USAGE = YES_ERROR;
				CLANG_WARN_DOCUMENTATION_COMMENTS = YES;
				CLANG_WARN_EMPTY_BODY = YES;
				CLANG_WARN_ENUM_CONVERSION = YES;
				CLANG_WARN_INFINITE_RECURSION = YES;
				CLANG_WARN_INT_CONVERSION = YES;
				CLANG_WARN_NON_LITERAL_NULL_CONVERSION = YES;
				CLANG_WARN_OBJC_IMPLICIT_RETAIN_SELF = YES;
				CLANG_WARN_OBJC_LITERAL_CONVERSION = YES;
				CLANG_WARN_OBJC_ROOT_CLASS = YES_ERROR;
				CLANG_WARN_QUOTED_INCLUDE_IN_FRAMEWORK_HEADER = YES;
				CLANG_WARN_RANGE_LOOP_ANALYSIS = YES;
				CLANG_WARN_STRICT_PROTOTYPES = YES;
				CLANG_WARN_SUSPICIOUS_MOVE = YES;
				CLANG_WARN_UNGUARDED_AVAILABILITY = YES_AGGRESSIVE;
				CLANG_WARN_UNREACHABLE_CODE = YES;
				CLANG_WARN__DUPLICATE_METHOD_MATCH = YES;
				COPY_PHASE_STRIP = NO;
				DEBUG_INFORMATION_FORMAT = "dwarf-with-dsym";
				ENABLE_STRICT_OBJC_MSGSEND = YES;
				ENABLE_TESTABILITY = YES;
				ENABLE_USER_SCRIPT_SANDBOXING = YES;
				GCC_C_LANGUAGE_STANDARD = gnu17;
				GCC_DYNAMIC_NO_PIC = NO;
				GCC_NO_COMMON_BLOCKS = YES;
				GCC_OPTIMIZATION_LEVEL = 0;
				GCC_PREPROCESSOR_DEFINITIONS = (
					"DEBUG=1",
					"$(inherited)",
				);
				GCC_WARN_64_TO_32_BIT_CONVERSION = YES;
				GCC_WARN_ABOUT_RETURN_TYPE = YES_ERROR;
				GCC_WARN_UNDECLARED_SELECTOR = YES;
				GCC_WARN_UNINITIALIZED_AUTOS = YES_AGGRESSIVE;
				GCC_WARN_UNUSED_FUNCTION = YES;
				GCC_WARN_UNUSED_VARIABLE = YES;
				IPHONEOS_DEPLOYMENT_TARGET = 18.0;
				LOCALIZATION_PREFERS_STRING_CATALOGS = YES;
				MTL_ENABLE_DEBUG_INFO = INCLUDE_SOURCE;
				MTL_FAST_MATH = YES;
				ONLY_ACTIVE_ARCH = YES;
				OTHER_SWIFT_FLAGS = "";
				SDKROOT = iphoneos;
				SWIFT_ACTIVE_COMPILATION_CONDITIONS = "DEBUG $(inherited)";
				SWIFT_OPTIMIZATION_LEVEL = "-Onone";
				SWIFT_STRICT_CONCURRENCY = "";
				SWIFT_VERSION = 5.0;
			};
			name = ScrollTest;
		};
		D99958562D3ADEC0008E6F71 /* ScrollTest */ = {
			isa = XCBuildConfiguration;
			buildSettings = {
				ASSETCATALOG_COMPILER_ALTERNATE_APPICON_NAMES = "DarkAppIcon LightAppIcon";
				ASSETCATALOG_COMPILER_APPICON_NAME = AppIcon;
				ASSETCATALOG_COMPILER_GLOBAL_ACCENT_COLOR_NAME = AccentColor;
				CODE_SIGN_STYLE = Automatic;
				CURRENT_PROJECT_VERSION = 1;
				DEBUG_INFORMATION_FORMAT = "dwarf-with-dsym";
				DEVELOPMENT_TEAM = ZT2M7655AF;
				GENERATE_INFOPLIST_FILE = YES;
				INFOPLIST_FILE = GloomyDiary/Info.plist;
				INFOPLIST_KEY_CFBundleDisplayName = "울다";
				INFOPLIST_KEY_UIApplicationSupportsIndirectInputEvents = YES;
				INFOPLIST_KEY_UILaunchStoryboardName = LaunchScreen;
				INFOPLIST_KEY_UISupportedInterfaceOrientations = UIInterfaceOrientationPortrait;
				IPHONEOS_DEPLOYMENT_TARGET = 17.0;
				LD_RUNPATH_SEARCH_PATHS = (
					"$(inherited)",
					"@executable_path/Frameworks",
				);
				MARKETING_VERSION = 1.2.0;
				OTHER_LDFLAGS = "-ObjC";
				OTHER_SWIFT_FLAGS = "-D\"SCROLL_TEST\"";
				PRODUCT_BUNDLE_IDENTIFIER = com.terranav.gloomydiary;
				PRODUCT_NAME = "$(TARGET_NAME)";
				SUPPORTED_PLATFORMS = "iphoneos iphonesimulator";
				SUPPORTS_MACCATALYST = NO;
				SUPPORTS_MAC_DESIGNED_FOR_IPHONE_IPAD = NO;
				SUPPORTS_XR_DESIGNED_FOR_IPHONE_IPAD = NO;
				SWIFT_EMIT_LOC_STRINGS = YES;
				SWIFT_STRICT_CONCURRENCY = "";
				SWIFT_VERSION = 5.0;
				TARGETED_DEVICE_FAMILY = 1;
			};
			name = ScrollTest;
		};
		D9995B1C2D3AE2A8008E6F71 /* Debug */ = {
			isa = XCBuildConfiguration;
			buildSettings = {
				ASSETCATALOG_COMPILER_ALTERNATE_APPICON_NAMES = "LightAppIcon DarkAppIcon";
				ASSETCATALOG_COMPILER_APPICON_NAME = AppIcon;
				ASSETCATALOG_COMPILER_GLOBAL_ACCENT_COLOR_NAME = AccentColor;
				CODE_SIGN_STYLE = Automatic;
				CURRENT_PROJECT_VERSION = 1;
				DEBUG_INFORMATION_FORMAT = "dwarf-with-dsym";
				DEVELOPMENT_TEAM = "";
				GENERATE_INFOPLIST_FILE = YES;
				INFOPLIST_FILE = GloomyDiary/Info.plist;
				INFOPLIST_KEY_CFBundleDisplayName = "울다";
				INFOPLIST_KEY_UIApplicationSupportsIndirectInputEvents = YES;
				INFOPLIST_KEY_UILaunchStoryboardName = LaunchScreen;
				INFOPLIST_KEY_UISupportedInterfaceOrientations = UIInterfaceOrientationPortrait;
				IPHONEOS_DEPLOYMENT_TARGET = 17.0;
				LD_RUNPATH_SEARCH_PATHS = (
					"$(inherited)",
					"@executable_path/Frameworks",
				);
				MARKETING_VERSION = 1.2.0;
				OTHER_LDFLAGS = "-ObjC";
				OTHER_SWIFT_FLAGS = "";
				PRODUCT_BUNDLE_IDENTIFIER = com.terranav.gloomydiary;
				PRODUCT_NAME = "$(TARGET_NAME)";
				SUPPORTED_PLATFORMS = "iphoneos iphonesimulator";
				SUPPORTS_MACCATALYST = NO;
				SUPPORTS_MAC_DESIGNED_FOR_IPHONE_IPAD = NO;
				SUPPORTS_XR_DESIGNED_FOR_IPHONE_IPAD = NO;
				SWIFT_EMIT_LOC_STRINGS = YES;
				SWIFT_STRICT_CONCURRENCY = "";
				SWIFT_VERSION = 5.0;
				TARGETED_DEVICE_FAMILY = 1;
			};
			name = Debug;
		};
		D9995B1D2D3AE2A8008E6F71 /* ScrollTest */ = {
			isa = XCBuildConfiguration;
			buildSettings = {
				ASSETCATALOG_COMPILER_ALTERNATE_APPICON_NAMES = "LightAppIcon DarkAppIcon";
				ASSETCATALOG_COMPILER_APPICON_NAME = AppIcon;
				ASSETCATALOG_COMPILER_GLOBAL_ACCENT_COLOR_NAME = AccentColor;
				CODE_SIGN_STYLE = Automatic;
				CURRENT_PROJECT_VERSION = 1;
				DEBUG_INFORMATION_FORMAT = "dwarf-with-dsym";
				DEVELOPMENT_TEAM = "";
				GENERATE_INFOPLIST_FILE = YES;
				INFOPLIST_FILE = GloomyDiary/Info.plist;
				INFOPLIST_KEY_CFBundleDisplayName = "울다";
				INFOPLIST_KEY_UIApplicationSupportsIndirectInputEvents = YES;
				INFOPLIST_KEY_UILaunchStoryboardName = LaunchScreen;
				INFOPLIST_KEY_UISupportedInterfaceOrientations = UIInterfaceOrientationPortrait;
				IPHONEOS_DEPLOYMENT_TARGET = 17.0;
				LD_RUNPATH_SEARCH_PATHS = (
					"$(inherited)",
					"@executable_path/Frameworks",
				);
				MARKETING_VERSION = 1.2.0;
				OTHER_LDFLAGS = "-ObjC";
				OTHER_SWIFT_FLAGS = "-D\"SCROLL_TEST\"";
				PRODUCT_BUNDLE_IDENTIFIER = com.terranav.gloomydiary;
				PRODUCT_NAME = "$(TARGET_NAME)";
				SUPPORTED_PLATFORMS = "iphoneos iphonesimulator";
				SUPPORTS_MACCATALYST = NO;
				SUPPORTS_MAC_DESIGNED_FOR_IPHONE_IPAD = NO;
				SUPPORTS_XR_DESIGNED_FOR_IPHONE_IPAD = NO;
				SWIFT_EMIT_LOC_STRINGS = YES;
				SWIFT_STRICT_CONCURRENCY = "";
				SWIFT_VERSION = 5.0;
				TARGETED_DEVICE_FAMILY = 1;
			};
			name = ScrollTest;
		};
		D9995B1E2D3AE2A8008E6F71 /* Release */ = {
			isa = XCBuildConfiguration;
			buildSettings = {
				ASSETCATALOG_COMPILER_ALTERNATE_APPICON_NAMES = "LightAppIcon DarkAppIcon";
				ASSETCATALOG_COMPILER_APPICON_NAME = AppIcon;
				ASSETCATALOG_COMPILER_GLOBAL_ACCENT_COLOR_NAME = AccentColor;
				CODE_SIGN_STYLE = Automatic;
				CURRENT_PROJECT_VERSION = 1;
				DEVELOPMENT_TEAM = "";
				GENERATE_INFOPLIST_FILE = YES;
				INFOPLIST_FILE = GloomyDiary/Info.plist;
				INFOPLIST_KEY_CFBundleDisplayName = "울다";
				INFOPLIST_KEY_UIApplicationSupportsIndirectInputEvents = YES;
				INFOPLIST_KEY_UILaunchStoryboardName = LaunchScreen;
				INFOPLIST_KEY_UISupportedInterfaceOrientations = UIInterfaceOrientationPortrait;
				IPHONEOS_DEPLOYMENT_TARGET = 17.0;
				LD_RUNPATH_SEARCH_PATHS = (
					"$(inherited)",
					"@executable_path/Frameworks",
				);
				MARKETING_VERSION = 1.2.0;
				OTHER_LDFLAGS = "-ObjC";
				OTHER_SWIFT_FLAGS = "";
				PRODUCT_BUNDLE_IDENTIFIER = com.terranav.gloomydiary;
				PRODUCT_NAME = "$(TARGET_NAME)";
				SUPPORTED_PLATFORMS = "iphoneos iphonesimulator";
				SUPPORTS_MACCATALYST = NO;
				SUPPORTS_MAC_DESIGNED_FOR_IPHONE_IPAD = NO;
				SUPPORTS_XR_DESIGNED_FOR_IPHONE_IPAD = NO;
				SWIFT_EMIT_LOC_STRINGS = YES;
				SWIFT_STRICT_CONCURRENCY = "";
				SWIFT_VERSION = 5.0;
				TARGETED_DEVICE_FAMILY = 1;
			};
			name = Release;
		};
		D9B4129C2DAD70C30011F09A /* Debug */ = {
			isa = XCBuildConfiguration;
			buildSettings = {
				BUNDLE_LOADER = "$(TEST_HOST)";
				CODE_SIGN_STYLE = Automatic;
				CURRENT_PROJECT_VERSION = 1;
				DEBUG_INFORMATION_FORMAT = dwarf;
				DEVELOPMENT_TEAM = ZT2M7655AF;
				GENERATE_INFOPLIST_FILE = YES;
				MARKETING_VERSION = 1.0;
				PRODUCT_BUNDLE_IDENTIFIER = com.thecrooks2.GloomyDiaryTests;
				PRODUCT_NAME = "$(TARGET_NAME)";
				SWIFT_EMIT_LOC_STRINGS = NO;
				SWIFT_VERSION = 5.0;
				TARGETED_DEVICE_FAMILY = 1;
				TEST_HOST = "$(BUILT_PRODUCTS_DIR)/GloomyDiaryExample.app/$(BUNDLE_EXECUTABLE_FOLDER_PATH)/GloomyDiaryExample";
			};
			name = Debug;
		};
		D9B4129D2DAD70C30011F09A /* ScrollTest */ = {
			isa = XCBuildConfiguration;
			buildSettings = {
				BUNDLE_LOADER = "$(TEST_HOST)";
				CODE_SIGN_STYLE = Automatic;
				CURRENT_PROJECT_VERSION = 1;
				DEVELOPMENT_TEAM = ZT2M7655AF;
				GENERATE_INFOPLIST_FILE = YES;
				MARKETING_VERSION = 1.0;
				PRODUCT_BUNDLE_IDENTIFIER = com.thecrooks2.GloomyDiaryTests;
				PRODUCT_NAME = "$(TARGET_NAME)";
				SWIFT_EMIT_LOC_STRINGS = NO;
				SWIFT_VERSION = 5.0;
				TARGETED_DEVICE_FAMILY = 1;
				TEST_HOST = "$(BUILT_PRODUCTS_DIR)/GloomyDiaryExample.app/$(BUNDLE_EXECUTABLE_FOLDER_PATH)/GloomyDiaryExample";
			};
			name = ScrollTest;
		};
		D9B4129E2DAD70C30011F09A /* Release */ = {
			isa = XCBuildConfiguration;
			buildSettings = {
				BUNDLE_LOADER = "$(TEST_HOST)";
				CODE_SIGN_STYLE = Automatic;
				CURRENT_PROJECT_VERSION = 1;
				DEVELOPMENT_TEAM = ZT2M7655AF;
				GENERATE_INFOPLIST_FILE = YES;
				MARKETING_VERSION = 1.0;
				PRODUCT_BUNDLE_IDENTIFIER = com.thecrooks2.GloomyDiaryTests;
				PRODUCT_NAME = "$(TARGET_NAME)";
				SWIFT_EMIT_LOC_STRINGS = NO;
				SWIFT_VERSION = 5.0;
				TARGETED_DEVICE_FAMILY = 1;
				TEST_HOST = "$(BUILT_PRODUCTS_DIR)/GloomyDiaryExample.app/$(BUNDLE_EXECUTABLE_FOLDER_PATH)/GloomyDiaryExample";
			};
			name = Release;
		};
/* End XCBuildConfiguration section */

/* Begin XCConfigurationList section */
		D97421A92C5ABE12002E47F9 /* Build configuration list for PBXProject "GloomyDiary" */ = {
			isa = XCConfigurationList;
			buildConfigurations = (
				D97421D62C5ABE15002E47F9 /* Debug */,
				D99958552D3ADEC0008E6F71 /* ScrollTest */,
				D97421D72C5ABE15002E47F9 /* Release */,
			);
			defaultConfigurationIsVisible = 0;
			defaultConfigurationName = Release;
		};
		D97421D82C5ABE15002E47F9 /* Build configuration list for PBXNativeTarget "GloomyDiary" */ = {
			isa = XCConfigurationList;
			buildConfigurations = (
				D97421D92C5ABE15002E47F9 /* Debug */,
				D99958562D3ADEC0008E6F71 /* ScrollTest */,
				D97421DA2C5ABE15002E47F9 /* Release */,
			);
			defaultConfigurationIsVisible = 0;
			defaultConfigurationName = Release;
		};
		D9995B1B2D3AE2A8008E6F71 /* Build configuration list for PBXNativeTarget "GloomyDiaryExample" */ = {
			isa = XCConfigurationList;
			buildConfigurations = (
				D9995B1C2D3AE2A8008E6F71 /* Debug */,
				D9995B1D2D3AE2A8008E6F71 /* ScrollTest */,
				D9995B1E2D3AE2A8008E6F71 /* Release */,
			);
			defaultConfigurationIsVisible = 0;
			defaultConfigurationName = Release;
		};
		D9B4129B2DAD70C30011F09A /* Build configuration list for PBXNativeTarget "GloomyDiaryTests" */ = {
			isa = XCConfigurationList;
			buildConfigurations = (
				D9B4129C2DAD70C30011F09A /* Debug */,
				D9B4129D2DAD70C30011F09A /* ScrollTest */,
				D9B4129E2DAD70C30011F09A /* Release */,
			);
			defaultConfigurationIsVisible = 0;
			defaultConfigurationName = Release;
		};
/* End XCConfigurationList section */

/* Begin XCRemoteSwiftPackageReference section */
		D9042A2F2D4EF8450093C838 /* XCRemoteSwiftPackageReference "CombineCocoa" */ = {
			isa = XCRemoteSwiftPackageReference;
			repositoryURL = "https://github.com/CombineCommunity/CombineCocoa.git";
			requirement = {
				kind = exactVersion;
				version = 0.4.1;
			};
		};
		D9052DD52D5F9FE4006B7FEE /* XCRemoteSwiftPackageReference "swift-composable-architecture-fix-navigation-delegate" */ = {
			isa = XCRemoteSwiftPackageReference;
			repositoryURL = "https://github.com/LURKS02/swift-composable-architecture-fix-navigation-delegate";
			requirement = {
				branch = "feature/fix-navigation-delegate-not-called";
				kind = branch;
			};
		};
		D97421E12C5BF760002E47F9 /* XCRemoteSwiftPackageReference "lottie-ios" */ = {
			isa = XCRemoteSwiftPackageReference;
			repositoryURL = "https://github.com/airbnb/lottie-ios";
			requirement = {
				kind = exactVersion;
				version = 4.5.0;
			};
		};
		D97421E22C5BF879002E47F9 /* XCRemoteSwiftPackageReference "SnapKit" */ = {
			isa = XCRemoteSwiftPackageReference;
			repositoryURL = "https://github.com/SnapKit/SnapKit";
			requirement = {
				kind = exactVersion;
				version = 5.7.1;
			};
		};
		D9995A782D3AE2A8008E6F71 /* XCRemoteSwiftPackageReference "SnapKit" */ = {
			isa = XCRemoteSwiftPackageReference;
			repositoryURL = "https://github.com/SnapKit/SnapKit";
			requirement = {
				kind = exactVersion;
				version = 5.7.1;
			};
		};
		D9995A7A2D3AE2A8008E6F71 /* XCRemoteSwiftPackageReference "lottie-ios" */ = {
			isa = XCRemoteSwiftPackageReference;
			repositoryURL = "https://github.com/airbnb/lottie-ios";
			requirement = {
				kind = exactVersion;
				version = 4.5.0;
			};
		};
		D9995A7C2D3AE2A8008E6F71 /* XCRemoteSwiftPackageReference "swift-composable-architecture" */ = {
			isa = XCRemoteSwiftPackageReference;
			repositoryURL = "https://github.com/pointfreeco/swift-composable-architecture";
			requirement = {
				kind = exactVersion;
				version = 1.17.1;
			};
		};
		D9995A842D3AE2A8008E6F71 /* XCRemoteSwiftPackageReference "OpenAI" */ = {
			isa = XCRemoteSwiftPackageReference;
			repositoryURL = "https://github.com/MacPaw/OpenAI";
			requirement = {
				kind = exactVersion;
				version = 0.3.0;
			};
		};
		D9995A862D3AE2A8008E6F71 /* XCRemoteSwiftPackageReference "firebase-ios-sdk" */ = {
			isa = XCRemoteSwiftPackageReference;
			repositoryURL = "https://github.com/firebase/firebase-ios-sdk";
			requirement = {
				kind = exactVersion;
				version = 11.5.0;
			};
		};
		D9995A892D3AE2A8008E6F71 /* XCRemoteSwiftPackageReference "Amplitude-Swift" */ = {
			isa = XCRemoteSwiftPackageReference;
			repositoryURL = "https://github.com/amplitude/Amplitude-Swift";
			requirement = {
				kind = exactVersion;
				version = 1.11.0;
			};
		};
		D9CF37942CF39C5500B1A92D /* XCRemoteSwiftPackageReference "firebase-ios-sdk" */ = {
			isa = XCRemoteSwiftPackageReference;
			repositoryURL = "https://github.com/firebase/firebase-ios-sdk";
			requirement = {
				kind = exactVersion;
				version = 11.5.0;
			};
		};
		D9CF38402CF4D1EA00B1A92D /* XCRemoteSwiftPackageReference "Amplitude-Swift" */ = {
			isa = XCRemoteSwiftPackageReference;
			repositoryURL = "https://github.com/amplitude/Amplitude-Swift";
			requirement = {
				kind = exactVersion;
				version = 1.11.0;
			};
		};
		D9FCFF9F2CB9A86600A53A14 /* XCRemoteSwiftPackageReference "OpenAI" */ = {
			isa = XCRemoteSwiftPackageReference;
			repositoryURL = "https://github.com/MacPaw/OpenAI";
			requirement = {
				kind = exactVersion;
				version = 0.3.0;
			};
		};
/* End XCRemoteSwiftPackageReference section */

/* Begin XCSwiftPackageProductDependency section */
		D9042A302D4EFA400093C838 /* CombineCocoa */ = {
			isa = XCSwiftPackageProductDependency;
			package = D9042A2F2D4EF8450093C838 /* XCRemoteSwiftPackageReference "CombineCocoa" */;
			productName = CombineCocoa;
		};
		D9042A322D4EFA480093C838 /* CombineCocoa */ = {
			isa = XCSwiftPackageProductDependency;
			package = D9042A2F2D4EF8450093C838 /* XCRemoteSwiftPackageReference "CombineCocoa" */;
			productName = CombineCocoa;
		};
		D9052DD62D5F9FE4006B7FEE /* ComposableArchitecture */ = {
			isa = XCSwiftPackageProductDependency;
			package = D9052DD52D5F9FE4006B7FEE /* XCRemoteSwiftPackageReference "swift-composable-architecture-fix-navigation-delegate" */;
			productName = ComposableArchitecture;
		};
		D97421E32C5BF879002E47F9 /* SnapKit */ = {
			isa = XCSwiftPackageProductDependency;
			package = D97421E22C5BF879002E47F9 /* XCRemoteSwiftPackageReference "SnapKit" */;
			productName = SnapKit;
		};
		D97421E62C5BF90A002E47F9 /* Lottie */ = {
			isa = XCSwiftPackageProductDependency;
			package = D97421E12C5BF760002E47F9 /* XCRemoteSwiftPackageReference "lottie-ios" */;
			productName = Lottie;
		};
		D9995A772D3AE2A8008E6F71 /* SnapKit */ = {
			isa = XCSwiftPackageProductDependency;
			package = D9995A782D3AE2A8008E6F71 /* XCRemoteSwiftPackageReference "SnapKit" */;
			productName = SnapKit;
		};
		D9995A792D3AE2A8008E6F71 /* Lottie */ = {
			isa = XCSwiftPackageProductDependency;
			package = D9995A7A2D3AE2A8008E6F71 /* XCRemoteSwiftPackageReference "lottie-ios" */;
			productName = Lottie;
		};
		D9995A7B2D3AE2A8008E6F71 /* ComposableArchitecture */ = {
			isa = XCSwiftPackageProductDependency;
			package = D9995A7C2D3AE2A8008E6F71 /* XCRemoteSwiftPackageReference "swift-composable-architecture" */;
			productName = ComposableArchitecture;
		};
		D9995A832D3AE2A8008E6F71 /* OpenAI */ = {
			isa = XCSwiftPackageProductDependency;
			package = D9995A842D3AE2A8008E6F71 /* XCRemoteSwiftPackageReference "OpenAI" */;
			productName = OpenAI;
		};
		D9995A852D3AE2A8008E6F71 /* FirebaseAnalytics */ = {
			isa = XCSwiftPackageProductDependency;
			package = D9995A862D3AE2A8008E6F71 /* XCRemoteSwiftPackageReference "firebase-ios-sdk" */;
			productName = FirebaseAnalytics;
		};
		D9995A872D3AE2A8008E6F71 /* FirebaseCrashlytics */ = {
			isa = XCSwiftPackageProductDependency;
			package = D9995A862D3AE2A8008E6F71 /* XCRemoteSwiftPackageReference "firebase-ios-sdk" */;
			productName = FirebaseCrashlytics;
		};
		D9995A882D3AE2A8008E6F71 /* AmplitudeSwift */ = {
			isa = XCSwiftPackageProductDependency;
			package = D9995A892D3AE2A8008E6F71 /* XCRemoteSwiftPackageReference "Amplitude-Swift" */;
			productName = AmplitudeSwift;
		};
		D9CF37952CF39C5500B1A92D /* FirebaseAnalytics */ = {
			isa = XCSwiftPackageProductDependency;
			package = D9CF37942CF39C5500B1A92D /* XCRemoteSwiftPackageReference "firebase-ios-sdk" */;
			productName = FirebaseAnalytics;
		};
		D9CF37972CF39C5500B1A92D /* FirebaseCrashlytics */ = {
			isa = XCSwiftPackageProductDependency;
			package = D9CF37942CF39C5500B1A92D /* XCRemoteSwiftPackageReference "firebase-ios-sdk" */;
			productName = FirebaseCrashlytics;
		};
		D9CF38412CF4D1EA00B1A92D /* AmplitudeSwift */ = {
			isa = XCSwiftPackageProductDependency;
			package = D9CF38402CF4D1EA00B1A92D /* XCRemoteSwiftPackageReference "Amplitude-Swift" */;
			productName = AmplitudeSwift;
		};
		D9FCFFA02CB9A86600A53A14 /* OpenAI */ = {
			isa = XCSwiftPackageProductDependency;
			package = D9FCFF9F2CB9A86600A53A14 /* XCRemoteSwiftPackageReference "OpenAI" */;
			productName = OpenAI;
		};
/* End XCSwiftPackageProductDependency section */
	};
	rootObject = D97421A62C5ABE12002E47F9 /* Project object */;
}
